
Microsoft Visual Studio Solution File, Format Version 12.00
# Visual Studio 14
VisualStudioVersion = 14.0.23107.0
MinimumVisualStudioVersion = 10.0.40219.1
Project("{8BC9CEB8-8B4A-11D0-8D11-00A0C91BC942}") = "common_lib", "common_lib\common_lib.vcxproj", "{11561197-1120-428C-A43D-7BCDFBCF79B8}"
EndProject
Project("{8BC9CEB8-8B4A-11D0-8D11-00A0C91BC942}") = "win_bison", "win_bison\win_bison.vcxproj", "{F49DC041-3A12-4D54-A15E-F38504D1D8B2}"
	ProjectSection(ProjectDependencies) = postProject
		{11561197-1120-428C-A43D-7BCDFBCF79B8} = {11561197-1120-428C-A43D-7BCDFBCF79B8}
		{47C40EF9-255C-475F-B5A6-B9CB85D40AD0} = {47C40EF9-255C-475F-B5A6-B9CB85D40AD0}
	EndProjectSection
EndProject
Project("{8BC9CEB8-8B4A-11D0-8D11-00A0C91BC942}") = "win_flex", "win_flex\win_flex.vcxproj", "{47C40EF9-255C-475F-B5A6-B9CB85D40AD0}"
	ProjectSection(ProjectDependencies) = postProject
		{11561197-1120-428C-A43D-7BCDFBCF79B8} = {11561197-1120-428C-A43D-7BCDFBCF79B8}
	EndProjectSection
EndProject
Global
	GlobalSection(SolutionConfigurationPlatforms) = preSolution
		Debug|x64 = Debug|x64
		Debug|x86 = Debug|x86
		Release|x64 = Release|x64
		Release|x86 = Release|x86
	EndGlobalSection
	GlobalSection(ProjectConfigurationPlatforms) = postSolution
		{11561197-1120-428C-A43D-7BCDFBCF79B8}.Debug|x64.ActiveCfg = Debug|x64
		{11561197-1120-428C-A43D-7BCDFBCF79B8}.Debug|x64.Build.0 = Debug|x64
		{11561197-1120-428C-A43D-7BCDFBCF79B8}.Debug|x86.ActiveCfg = Debug|Win32
		{11561197-1120-428C-A43D-7BCDFBCF79B8}.Debug|x86.Build.0 = Debug|Win32
		{11561197-1120-428C-A43D-7BCDFBCF79B8}.Release|x64.ActiveCfg = Release|x64
		{11561197-1120-428C-A43D-7BCDFBCF79B8}.Release|x64.Build.0 = Release|x64
		{11561197-1120-428C-A43D-7BCDFBCF79B8}.Release|x86.ActiveCfg = Release|Win32
		{11561197-1120-428C-A43D-7BCDFBCF79B8}.Release|x86.Build.0 = Release|Win32
		{F49DC041-3A12-4D54-A15E-F38504D1D8B2}.Debug|x64.ActiveCfg = Debug|x64
		{F49DC041-3A12-4D54-A15E-F38504D1D8B2}.Debug|x64.Build.0 = Debug|x64
		{F49DC041-3A12-4D54-A15E-F38504D1D8B2}.Debug|x86.ActiveCfg = Debug|Win32
		{F49DC041-3A12-4D54-A15E-F38504D1D8B2}.Debug|x86.Build.0 = Debug|Win32
		{F49DC041-3A12-4D54-A15E-F38504D1D8B2}.Release|x64.ActiveCfg = Release|x64
		{F49DC041-3A12-4D54-A15E-F38504D1D8B2}.Release|x64.Build.0 = Release|x64
		{F49DC041-3A12-4D54-A15E-F38504D1D8B2}.Release|x86.ActiveCfg = Release|Win32
		{F49DC041-3A12-4D54-A15E-F38504D1D8B2}.Release|x86.Build.0 = Release|Win32
		{47C40EF9-255C-475F-B5A6-B9CB85D40AD0}.Debug|x64.ActiveCfg = Debug|x64
		{47C40EF9-255C-475F-B5A6-B9CB85D40AD0}.Debug|x64.Build.0 = Debug|x64
		{47C40EF9-255C-475F-B5A6-B9CB85D40AD0}.Debug|x86.ActiveCfg = Debug|Win32
		{47C40EF9-255C-475F-B5A6-B9CB85D40AD0}.Debug|x86.Build.0 = Debug|Win32
		{47C40EF9-255C-475F-B5A6-B9CB85D40AD0}.Release|x64.ActiveCfg = Release|x64
		{47C40EF9-255C-475F-B5A6-B9CB85D40AD0}.Release|x64.Build.0 = Release|x64
		{47C40EF9-255C-475F-B5A6-B9CB85D40AD0}.Release|x86.ActiveCfg = Release|Win32
		{47C40EF9-255C-475F-B5A6-B9CB85D40AD0}.Release|x86.Build.0 = Release|Win32
	EndGlobalSection
	GlobalSection(SolutionProperties) = preSolution
		HideSolutionNode = FALSE
	EndGlobalSection
EndGlobal
