<?xml version="1.0" encoding="utf-8"?>
<Project ToolsVersion="4.0" xmlns="http://schemas.microsoft.com/developer/msbuild/2003">
  <ItemGroup>
    <Filter Include="src">
      <UniqueIdentifier>{70ee086b-f289-4585-9d74-9ecf2a8b5acc}</UniqueIdentifier>
    </Filter>
  </ItemGroup>
  <ItemGroup>
    <ClCompile Include="..\bison\src\AnnotationList.c">
      <Filter>src</Filter>
    </ClCompile>
    <ClCompile Include="..\bison\src\assoc.c">
      <Filter>src</Filter>
    </ClCompile>
    <ClCompile Include="..\bison\src\closure.c">
      <Filter>src</Filter>
    </ClCompile>
    <ClCompile Include="..\bison\src\complain.c">
      <Filter>src</Filter>
    </ClCompile>
    <ClCompile Include="..\bison\src\conflicts.c">
      <Filter>src</Filter>
    </ClCompile>
    <ClCompile Include="..\bison\src\derives.c">
      <Filter>src</Filter>
    </ClCompile>
    <ClCompile Include="..\bison\src\files.c">
      <Filter>src</Filter>
    </ClCompile>
    <ClCompile Include="..\bison\src\getargs.c">
      <Filter>src</Filter>
    </ClCompile>
    <ClCompile Include="..\bison\src\gram.c">
      <Filter>src</Filter>
    </ClCompile>
    <ClCompile Include="..\bison\src\graphviz.c">
      <Filter>src</Filter>
    </ClCompile>
    <ClCompile Include="..\bison\src\ielr.c">
      <Filter>src</Filter>
    </ClCompile>
    <ClCompile Include="..\bison\src\InadequacyList.c">
      <Filter>src</Filter>
    </ClCompile>
    <ClCompile Include="..\bison\src\lalr.c">
      <Filter>src</Filter>
    </ClCompile>
    <ClCompile Include="..\bison\src\location.c">
      <Filter>src</Filter>
    </ClCompile>
    <ClCompile Include="..\bison\src\LR0.c">
      <Filter>src</Filter>
    </ClCompile>
    <ClCompile Include="..\bison\src\main.c">
      <Filter>src</Filter>
    </ClCompile>
    <ClCompile Include="..\bison\src\muscle-tab.c">
      <Filter>src</Filter>
    </ClCompile>
    <ClCompile Include="..\bison\src\named-ref.c">
      <Filter>src</Filter>
    </ClCompile>
    <ClCompile Include="..\bison\src\nullable.c">
      <Filter>src</Filter>
    </ClCompile>
    <ClCompile Include="..\bison\src\output.c">
      <Filter>src</Filter>
    </ClCompile>
    <ClCompile Include="..\bison\src\parse-gram.c">
      <Filter>src</Filter>
    </ClCompile>
    <ClCompile Include="..\bison\src\print.c">
      <Filter>src</Filter>
    </ClCompile>
    <ClCompile Include="..\bison\src\print_graph.c">
      <Filter>src</Filter>
    </ClCompile>
    <ClCompile Include="..\bison\src\print-xml.c">
      <Filter>src</Filter>
    </ClCompile>
    <ClCompile Include="..\bison\src\reader.c">
      <Filter>src</Filter>
    </ClCompile>
    <ClCompile Include="..\bison\src\reduce.c">
      <Filter>src</Filter>
    </ClCompile>
    <ClCompile Include="..\bison\src\relation.c">
      <Filter>src</Filter>
    </ClCompile>
    <ClCompile Include="..\bison\src\Sbitset.c">
      <Filter>src</Filter>
    </ClCompile>
    <ClCompile Include="..\bison\src\scan-code.c">
      <Filter>src</Filter>
    </ClCompile>
    <ClCompile Include="..\bison\src\scan-gram.c">
      <Filter>src</Filter>
    </ClCompile>
    <ClCompile Include="..\bison\src\scan-skel.c">
      <Filter>src</Filter>
    </ClCompile>
    <ClCompile Include="..\bison\src\state.c">
      <Filter>src</Filter>
    </ClCompile>
    <ClCompile Include="..\bison\src\symlist.c">
      <Filter>src</Filter>
    </ClCompile>
    <ClCompile Include="..\bison\src\symtab.c">
      <Filter>src</Filter>
    </ClCompile>
    <ClCompile Include="..\bison\src\tables.c">
      <Filter>src</Filter>
    </ClCompile>
    <ClCompile Include="..\bison\src\uniqstr.c">
      <Filter>src</Filter>
    </ClCompile>
  </ItemGroup>
  <ItemGroup>
    <ClInclude Include="..\bison\src\AnnotationList.h">
      <Filter>src</Filter>
    </ClInclude>
    <ClInclude Include="..\bison\src\assoc.h">
      <Filter>src</Filter>
    </ClInclude>
    <ClInclude Include="..\bison\src\closure.h">
      <Filter>src</Filter>
    </ClInclude>
    <ClInclude Include="..\bison\src\complain.h">
      <Filter>src</Filter>
    </ClInclude>
    <ClInclude Include="..\bison\src\config.h">
      <Filter>src</Filter>
    </ClInclude>
    <ClInclude Include="..\bison\src\conflicts.h">
      <Filter>src</Filter>
    </ClInclude>
    <ClInclude Include="..\bison\src\derives.h">
      <Filter>src</Filter>
    </ClInclude>
    <ClInclude Include="..\bison\src\files.h">
      <Filter>src</Filter>
    </ClInclude>
    <ClInclude Include="..\bison\src\flex-scanner.h">
      <Filter>src</Filter>
    </ClInclude>
    <ClInclude Include="..\bison\src\getargs.h">
      <Filter>src</Filter>
    </ClInclude>
    <ClInclude Include="..\bison\src\gram.h">
      <Filter>src</Filter>
    </ClInclude>
    <ClInclude Include="..\bison\src\graphviz.h">
      <Filter>src</Filter>
    </ClInclude>
    <ClInclude Include="..\bison\src\ielr.h">
      <Filter>src</Filter>
    </ClInclude>
    <ClInclude Include="..\bison\src\InadequacyList.h">
      <Filter>src</Filter>
    </ClInclude>
    <ClInclude Include="..\bison\src\lalr.h">
      <Filter>src</Filter>
    </ClInclude>
    <ClInclude Include="..\bison\src\location.h">
      <Filter>src</Filter>
    </ClInclude>
    <ClInclude Include="..\bison\src\LR0.h">
      <Filter>src</Filter>
    </ClInclude>
    <ClInclude Include="..\bison\src\muscle-tab.h">
      <Filter>src</Filter>
    </ClInclude>
    <ClInclude Include="..\bison\src\named-ref.h">
      <Filter>src</Filter>
    </ClInclude>
    <ClInclude Include="..\bison\src\nullable.h">
      <Filter>src</Filter>
    </ClInclude>
    <ClInclude Include="..\bison\src\output.h">
      <Filter>src</Filter>
    </ClInclude>
    <ClInclude Include="..\bison\src\parse-gram.h">
      <Filter>src</Filter>
    </ClInclude>
    <ClInclude Include="..\bison\src\print.h">
      <Filter>src</Filter>
    </ClInclude>
    <ClInclude Include="..\bison\src\print_graph.h">
      <Filter>src</Filter>
    </ClInclude>
    <ClInclude Include="..\bison\src\print-xml.h">
      <Filter>src</Filter>
    </ClInclude>
    <ClInclude Include="..\bison\src\reader.h">
      <Filter>src</Filter>
    </ClInclude>
    <ClInclude Include="..\bison\src\reduce.h">
      <Filter>src</Filter>
    </ClInclude>
    <ClInclude Include="..\bison\src\relation.h">
      <Filter>src</Filter>
    </ClInclude>
    <ClInclude Include="..\bison\src\Sbitset.h">
      <Filter>src</Filter>
    </ClInclude>
    <ClInclude Include="..\bison\src\scan-code.h">
      <Filter>src</Filter>
    </ClInclude>
    <ClInclude Include="..\bison\src\scan-gram.h">
      <Filter>src</Filter>
    </ClInclude>
    <ClInclude Include="..\bison\src\scan-skel.h">
      <Filter>src</Filter>
    </ClInclude>
    <ClInclude Include="..\bison\src\state.h">
      <Filter>src</Filter>
    </ClInclude>
    <ClInclude Include="..\bison\src\symlist.h">
      <Filter>src</Filter>
    </ClInclude>
    <ClInclude Include="..\bison\src\symtab.h">
      <Filter>src</Filter>
    </ClInclude>
    <ClInclude Include="..\bison\src\system.h">
      <Filter>src</Filter>
    </ClInclude>
    <ClInclude Include="..\bison\src\tables.h">
      <Filter>src</Filter>
    </ClInclude>
    <ClInclude Include="..\bison\src\uniqstr.h">
      <Filter>src</Filter>
    </ClInclude>
  </ItemGroup>
  <ItemGroup>
    <None Include="..\bison\src\parse-gram.y">
      <Filter>src</Filter>
    </None>
    <None Include="..\bison\src\scan-code.l">
      <Filter>src</Filter>
    </None>
    <None Include="..\bison\src\scan-gram.l">
      <Filter>src</Filter>
    </None>
    <None Include="..\bison\src\scan-skel.l">
      <Filter>src</Filter>
    </None>
  </ItemGroup>
</Project>