<?xml version="1.0" encoding="utf-8"?>
<Project ToolsVersion="17.0" xmlns="http://schemas.microsoft.com/developer/msbuild/2003">
  <ItemGroup>
    <ClCompile Include="D:\winflexbison\common\m4\builtin.c">
      <Filter>Source Files</Filter>
    </ClCompile>
    <ClCompile Include="D:\winflexbison\common\m4\debug.c">
      <Filter>Source Files</Filter>
    </ClCompile>
    <ClCompile Include="D:\winflexbison\common\m4\eval.c">
      <Filter>Source Files</Filter>
    </ClCompile>
    <ClCompile Include="D:\winflexbison\common\m4\format.c">
      <Filter>Source Files</Filter>
    </ClCompile>
    <ClCompile Include="D:\winflexbison\common\m4\freeze.c">
      <Filter>Source Files</Filter>
    </ClCompile>
    <ClCompile Include="D:\winflexbison\common\m4\input.c">
      <Filter>Source Files</Filter>
    </ClCompile>
    <ClCompile Include="D:\winflexbison\common\m4\lib\asnprintf.c">
      <Filter>Source Files</Filter>
    </ClCompile>
    <ClCompile Include="D:\winflexbison\common\m4\lib\asyncsafe-spin.c">
      <Filter>Source Files</Filter>
    </ClCompile>
    <ClCompile Include="D:\winflexbison\common\m4\lib\canonicalize.c">
      <Filter>Source Files</Filter>
    </ClCompile>
    <ClCompile Include="D:\winflexbison\common\m4\lib\clean-temp-simple.c">
      <Filter>Source Files</Filter>
    </ClCompile>
    <ClCompile Include="D:\winflexbison\common\m4\lib\clean-temp.c">
      <Filter>Source Files</Filter>
    </ClCompile>
    <ClCompile Include="D:\winflexbison\common\m4\lib\cloexec.c">
      <Filter>Source Files</Filter>
    </ClCompile>
    <ClCompile Include="D:\winflexbison\common\m4\lib\close-stream.c">
      <Filter>Source Files</Filter>
    </ClCompile>
    <ClCompile Include="D:\winflexbison\common\m4\lib\closein.c">
      <Filter>Source Files</Filter>
    </ClCompile>
    <ClCompile Include="D:\winflexbison\common\m4\lib\closeout.c">
      <Filter>Source Files</Filter>
    </ClCompile>
    <ClCompile Include="D:\winflexbison\common\m4\lib\execute.c">
      <Filter>Source Files</Filter>
    </ClCompile>
    <ClCompile Include="D:\winflexbison\common\m4\lib\fd-safer.c">
      <Filter>Source Files</Filter>
    </ClCompile>
    <ClCompile Include="D:\winflexbison\common\m4\lib\file-set.c">
      <Filter>Source Files</Filter>
    </ClCompile>
    <ClCompile Include="D:\winflexbison\common\m4\lib\filenamecat-lgpl.c">
      <Filter>Source Files</Filter>
    </ClCompile>
    <ClCompile Include="D:\winflexbison\common\m4\lib\findprog-in.c">
      <Filter>Source Files</Filter>
    </ClCompile>
    <ClCompile Include="D:\winflexbison\common\m4\lib\gl_avltree_oset.c">
      <Filter>Source Files</Filter>
    </ClCompile>
    <ClCompile Include="D:\winflexbison\common\m4\lib\gl_linked_list.c">
      <Filter>Source Files</Filter>
    </ClCompile>
    <ClCompile Include="D:\winflexbison\common\m4\lib\gl_linkedhash_list.c">
      <Filter>Source Files</Filter>
    </ClCompile>
    <ClCompile Include="D:\winflexbison\common\m4\lib\hash-pjw.c">
      <Filter>Source Files</Filter>
    </ClCompile>
    <ClCompile Include="D:\winflexbison\common\m4\lib\hash-triple-simple.c">
      <Filter>Source Files</Filter>
    </ClCompile>
    <ClCompile Include="D:\winflexbison\common\m4\lib\malloc\dynarray_resize.c">
      <Filter>Source Files</Filter>
    </ClCompile>
    <ClCompile Include="D:\winflexbison\common\m4\lib\malloc\scratch_buffer_dupfree.c">
      <Filter>Source Files</Filter>
    </ClCompile>
    <ClCompile Include="D:\winflexbison\common\m4\lib\malloc\scratch_buffer_grow.c">
      <Filter>Source Files</Filter>
    </ClCompile>
    <ClCompile Include="D:\winflexbison\common\m4\lib\malloc\scratch_buffer_grow_preserve.c">
      <Filter>Source Files</Filter>
    </ClCompile>
    <ClCompile Include="D:\winflexbison\common\m4\lib\malloc\scratch_buffer_set_array_size.c">
      <Filter>Source Files</Filter>
    </ClCompile>
    <ClCompile Include="D:\winflexbison\common\m4\lib\memchr2.c">
      <Filter>Source Files</Filter>
    </ClCompile>
    <ClCompile Include="D:\winflexbison\common\m4\lib\mkdtemp.c">
      <Filter>Source Files</Filter>
    </ClCompile>
    <ClCompile Include="D:\winflexbison\common\m4\lib\mkstemp-safer.c">
      <Filter>Source Files</Filter>
    </ClCompile>
    <ClCompile Include="D:\winflexbison\common\m4\lib\mkstemp.c">
      <Filter>Source Files</Filter>
    </ClCompile>
    <ClCompile Include="D:\winflexbison\common\m4\lib\printf-args.c">
      <Filter>Source Files</Filter>
    </ClCompile>
    <ClCompile Include="D:\winflexbison\common\m4\lib\printf-parse.c">
      <Filter>Source Files</Filter>
    </ClCompile>
    <ClCompile Include="D:\winflexbison\common\m4\lib\regex.c">
      <Filter>Source Files</Filter>
    </ClCompile>
    <ClCompile Include="D:\winflexbison\common\m4\lib\tempname.c">
      <Filter>Source Files</Filter>
    </ClCompile>
    <ClCompile Include="D:\winflexbison\common\m4\lib\tmpdir.c">
      <Filter>Source Files</Filter>
    </ClCompile>
    <ClCompile Include="D:\winflexbison\common\m4\lib\vasnprintf.c">
      <Filter>Source Files</Filter>
    </ClCompile>
    <ClCompile Include="D:\winflexbison\common\m4\lib\vasprintf.c">
      <Filter>Source Files</Filter>
    </ClCompile>
    <ClCompile Include="D:\winflexbison\common\m4\lib\verror.c">
      <Filter>Source Files</Filter>
    </ClCompile>
    <ClCompile Include="D:\winflexbison\common\m4\lib\windows-spawn.c">
      <Filter>Source Files</Filter>
    </ClCompile>
    <ClCompile Include="D:\winflexbison\common\m4\lib\windows-spin.c">
      <Filter>Source Files</Filter>
    </ClCompile>
    <ClCompile Include="D:\winflexbison\common\m4\lib\xasprintf.c">
      <Filter>Source Files</Filter>
    </ClCompile>
    <ClCompile Include="D:\winflexbison\common\m4\lib\xprintf.c">
      <Filter>Source Files</Filter>
    </ClCompile>
    <ClCompile Include="D:\winflexbison\common\m4\lib\xvasprintf.c">
      <Filter>Source Files</Filter>
    </ClCompile>
    <ClCompile Include="D:\winflexbison\common\m4\m4.c">
      <Filter>Source Files</Filter>
    </ClCompile>
    <ClCompile Include="D:\winflexbison\common\m4\macro.c">
      <Filter>Source Files</Filter>
    </ClCompile>
    <ClCompile Include="D:\winflexbison\common\m4\output.c">
      <Filter>Source Files</Filter>
    </ClCompile>
    <ClCompile Include="D:\winflexbison\common\m4\path.c">
      <Filter>Source Files</Filter>
    </ClCompile>
    <ClCompile Include="D:\winflexbison\common\m4\symtab.c">
      <Filter>Source Files</Filter>
    </ClCompile>
    <ClCompile Include="D:\winflexbison\common\misc\app_path.c">
      <Filter>Source Files</Filter>
    </ClCompile>
    <ClCompile Include="D:\winflexbison\common\misc\argmatch.c">
      <Filter>Source Files</Filter>
    </ClCompile>
    <ClCompile Include="D:\winflexbison\common\misc\basename-lgpl.c">
      <Filter>Source Files</Filter>
    </ClCompile>
    <ClCompile Include="D:\winflexbison\common\misc\bitset.c">
      <Filter>Source Files</Filter>
    </ClCompile>
    <ClCompile Include="D:\winflexbison\common\misc\bitset\array.c">
      <Filter>Source Files</Filter>
    </ClCompile>
    <ClCompile Include="D:\winflexbison\common\misc\bitset\list.c">
      <Filter>Source Files</Filter>
    </ClCompile>
    <ClCompile Include="D:\winflexbison\common\misc\bitset\stats.c">
      <Filter>Source Files</Filter>
    </ClCompile>
    <ClCompile Include="D:\winflexbison\common\misc\bitset\table.c">
      <Filter>Source Files</Filter>
    </ClCompile>
    <ClCompile Include="D:\winflexbison\common\misc\bitset\vector.c">
      <Filter>Source Files</Filter>
    </ClCompile>
    <ClCompile Include="D:\winflexbison\common\misc\bitsetv.c">
      <Filter>Source Files</Filter>
    </ClCompile>
    <ClCompile Include="D:\winflexbison\common\misc\c-ctype.c">
      <Filter>Source Files</Filter>
    </ClCompile>
    <ClCompile Include="D:\winflexbison\common\misc\c-strcasecmp.c">
      <Filter>Source Files</Filter>
    </ClCompile>
    <ClCompile Include="D:\winflexbison\common\misc\c-strncasecmp.c">
      <Filter>Source Files</Filter>
    </ClCompile>
    <ClCompile Include="D:\winflexbison\common\misc\concat-filename.c">
      <Filter>Source Files</Filter>
    </ClCompile>
    <ClCompile Include="D:\winflexbison\common\misc\dirname-lgpl.c">
      <Filter>Source Files</Filter>
    </ClCompile>
    <ClCompile Include="D:\winflexbison\common\misc\dirname.c">
      <Filter>Source Files</Filter>
    </ClCompile>
    <ClCompile Include="D:\winflexbison\common\misc\error.c">
      <Filter>Source Files</Filter>
    </ClCompile>
    <ClCompile Include="D:\winflexbison\common\misc\exitfail.c">
      <Filter>Source Files</Filter>
    </ClCompile>
    <ClCompile Include="D:\winflexbison\common\misc\fstrcmp.c">
      <Filter>Source Files</Filter>
    </ClCompile>
    <ClCompile Include="D:\winflexbison\common\misc\get-errno.c">
      <Filter>Source Files</Filter>
    </ClCompile>
    <ClCompile Include="D:\winflexbison\common\misc\getdelim.c">
      <Filter>Source Files</Filter>
    </ClCompile>
    <ClCompile Include="D:\winflexbison\common\misc\gethrxtime.c">
      <Filter>Source Files</Filter>
    </ClCompile>
    <ClCompile Include="D:\winflexbison\common\misc\getline.c">
      <Filter>Source Files</Filter>
    </ClCompile>
    <ClCompile Include="D:\winflexbison\common\misc\getopt.c">
      <Filter>Source Files</Filter>
    </ClCompile>
    <ClCompile Include="D:\winflexbison\common\misc\getopt1.c">
      <Filter>Source Files</Filter>
    </ClCompile>
    <ClCompile Include="D:\winflexbison\common\misc\getprogname.c">
      <Filter>Source Files</Filter>
    </ClCompile>
    <ClCompile Include="D:\winflexbison\common\misc\gl_array_list.c">
      <Filter>Source Files</Filter>
    </ClCompile>
    <ClCompile Include="D:\winflexbison\common\misc\gl_hash_map.c">
      <Filter>Source Files</Filter>
    </ClCompile>
    <ClCompile Include="D:\winflexbison\common\misc\gl_rbtree_oset.c">
      <Filter>Source Files</Filter>
    </ClCompile>
    <ClCompile Include="D:\winflexbison\common\misc\gl_rbtreehash_list.c">
      <Filter>Source Files</Filter>
    </ClCompile>
    <ClCompile Include="D:\winflexbison\common\misc\glthread\lock.c">
      <Filter>Source Files</Filter>
    </ClCompile>
    <ClCompile Include="D:\winflexbison\common\misc\glthread\threadlib.c">
      <Filter>Source Files</Filter>
    </ClCompile>
    <ClCompile Include="D:\winflexbison\common\misc\glthread\tls.c">
      <Filter>Source Files</Filter>
    </ClCompile>
    <ClCompile Include="D:\winflexbison\common\misc\hash.c">
      <Filter>Source Files</Filter>
    </ClCompile>
    <ClCompile Include="D:\winflexbison\common\misc\integer_length_l.c">
      <Filter>Source Files</Filter>
    </ClCompile>
    <ClCompile Include="D:\winflexbison\common\misc\localcharset.c">
      <Filter>Source Files</Filter>
    </ClCompile>
    <ClCompile Include="D:\winflexbison\common\misc\mbchar.c">
      <Filter>Source Files</Filter>
    </ClCompile>
    <ClCompile Include="D:\winflexbison\common\misc\mbfile.c">
      <Filter>Source Files</Filter>
    </ClCompile>
    <ClCompile Include="D:\winflexbison\common\misc\mbswidth.c">
      <Filter>Source Files</Filter>
    </ClCompile>
    <ClCompile Include="D:\winflexbison\common\misc\obstack.c">
      <Filter>Source Files</Filter>
    </ClCompile>
    <ClCompile Include="D:\winflexbison\common\misc\obstack_printf.c">
      <Filter>Source Files</Filter>
    </ClCompile>
    <ClCompile Include="D:\winflexbison\common\misc\path-join.c">
      <Filter>Source Files</Filter>
    </ClCompile>
    <ClCompile Include="D:\winflexbison\common\misc\progname.c">
      <Filter>Source Files</Filter>
    </ClCompile>
    <ClCompile Include="D:\winflexbison\common\misc\quotearg.c">
      <Filter>Source Files</Filter>
    </ClCompile>
    <ClCompile Include="D:\winflexbison\common\misc\reallocarray.c">
      <Filter>Source Files</Filter>
    </ClCompile>
    <ClCompile Include="D:\winflexbison\common\misc\relocatable.c">
      <Filter>Source Files</Filter>
    </ClCompile>
    <ClCompile Include="D:\winflexbison\common\misc\strverscmp.c">
      <Filter>Source Files</Filter>
    </ClCompile>
    <ClCompile Include="D:\winflexbison\common\misc\timespec.c">
      <Filter>Source Files</Filter>
    </ClCompile>
    <ClCompile Include="D:\winflexbison\common\misc\timevar.c">
      <Filter>Source Files</Filter>
    </ClCompile>
    <ClCompile Include="D:\winflexbison\common\misc\wcwidth.c">
      <Filter>Source Files</Filter>
    </ClCompile>
    <ClCompile Include="D:\winflexbison\common\misc\xalloc-die.c">
      <Filter>Source Files</Filter>
    </ClCompile>
    <ClCompile Include="D:\winflexbison\common\misc\xconcat-filename.c">
      <Filter>Source Files</Filter>
    </ClCompile>
    <ClCompile Include="D:\winflexbison\common\misc\xhash.c">
      <Filter>Source Files</Filter>
    </ClCompile>
    <ClCompile Include="D:\winflexbison\common\misc\xmalloc.c">
      <Filter>Source Files</Filter>
    </ClCompile>
    <ClCompile Include="D:\winflexbison\common\misc\xmemdup0.c">
      <Filter>Source Files</Filter>
    </ClCompile>
    <ClCompile Include="D:\winflexbison\common\misc\xstrndup.c">
      <Filter>Source Files</Filter>
    </ClCompile>
    <ClCompile Include="D:\winflexbison\common\misc\xtime.c">
      <Filter>Source Files</Filter>
    </ClCompile>
  </ItemGroup>
  <ItemGroup>
    <ClInclude Include="D:\winflexbison\common\m4\lib\_Noreturn.h">
      <Filter>Header Files</Filter>
    </ClInclude>
    <ClInclude Include="D:\winflexbison\common\m4\lib\asyncsafe-spin.h">
      <Filter>Header Files</Filter>
    </ClInclude>
    <ClInclude Include="D:\winflexbison\common\m4\lib\binary-io.h">
      <Filter>Header Files</Filter>
    </ClInclude>
    <ClInclude Include="D:\winflexbison\common\m4\lib\c-stack.h">
      <Filter>Header Files</Filter>
    </ClInclude>
    <ClInclude Include="D:\winflexbison\common\m4\lib\canonicalize.h">
      <Filter>Header Files</Filter>
    </ClInclude>
    <ClInclude Include="D:\winflexbison\common\m4\lib\cdefs.h">
      <Filter>Header Files</Filter>
    </ClInclude>
    <ClInclude Include="D:\winflexbison\common\m4\lib\clean-temp-private.h">
      <Filter>Header Files</Filter>
    </ClInclude>
    <ClInclude Include="D:\winflexbison\common\m4\lib\clean-temp-simple.h">
      <Filter>Header Files</Filter>
    </ClInclude>
    <ClInclude Include="D:\winflexbison\common\m4\lib\clean-temp.h">
      <Filter>Header Files</Filter>
    </ClInclude>
    <ClInclude Include="D:\winflexbison\common\m4\lib\cloexec.h">
      <Filter>Header Files</Filter>
    </ClInclude>
    <ClInclude Include="D:\winflexbison\common\m4\lib\close-stream.h">
      <Filter>Header Files</Filter>
    </ClInclude>
    <ClInclude Include="D:\winflexbison\common\m4\lib\closein.h">
      <Filter>Header Files</Filter>
    </ClInclude>
    <ClInclude Include="D:\winflexbison\common\m4\lib\closeout.h">
      <Filter>Header Files</Filter>
    </ClInclude>
    <ClInclude Include="D:\winflexbison\common\m4\lib\dynarray.h">
      <Filter>Header Files</Filter>
    </ClInclude>
    <ClInclude Include="D:\winflexbison\common\m4\lib\execute.h">
      <Filter>Header Files</Filter>
    </ClInclude>
    <ClInclude Include="D:\winflexbison\common\m4\lib\file-set.h">
      <Filter>Header Files</Filter>
    </ClInclude>
    <ClInclude Include="D:\winflexbison\common\m4\lib\filenamecat.h">
      <Filter>Header Files</Filter>
    </ClInclude>
    <ClInclude Include="D:\winflexbison\common\m4\lib\findprog.h">
      <Filter>Header Files</Filter>
    </ClInclude>
    <ClInclude Include="D:\winflexbison\common\m4\lib\fpending.h">
      <Filter>Header Files</Filter>
    </ClInclude>
    <ClInclude Include="D:\winflexbison\common\m4\lib\freadahead.h">
      <Filter>Header Files</Filter>
    </ClInclude>
    <ClInclude Include="D:\winflexbison\common\m4\lib\gl_anyhash1.h">
      <Filter>Header Files</Filter>
    </ClInclude>
    <ClInclude Include="D:\winflexbison\common\m4\lib\gl_anyhash2.h">
      <Filter>Header Files</Filter>
    </ClInclude>
    <ClInclude Include="D:\winflexbison\common\m4\lib\gl_anyhash_primes.h">
      <Filter>Header Files</Filter>
    </ClInclude>
    <ClInclude Include="D:\winflexbison\common\m4\lib\gl_anylinked_list1.h">
      <Filter>Header Files</Filter>
    </ClInclude>
    <ClInclude Include="D:\winflexbison\common\m4\lib\gl_anylinked_list2.h">
      <Filter>Header Files</Filter>
    </ClInclude>
    <ClInclude Include="D:\winflexbison\common\m4\lib\gl_anytree_oset.h">
      <Filter>Header Files</Filter>
    </ClInclude>
    <ClInclude Include="D:\winflexbison\common\m4\lib\gl_avltree_ordered.h">
      <Filter>Header Files</Filter>
    </ClInclude>
    <ClInclude Include="D:\winflexbison\common\m4\lib\gl_avltree_oset.h">
      <Filter>Header Files</Filter>
    </ClInclude>
    <ClInclude Include="D:\winflexbison\common\m4\lib\gl_linked_list.h">
      <Filter>Header Files</Filter>
    </ClInclude>
    <ClInclude Include="D:\winflexbison\common\m4\lib\gl_linkedhash_list.h">
      <Filter>Header Files</Filter>
    </ClInclude>
    <ClInclude Include="D:\winflexbison\common\m4\lib\gl_list.h">
      <Filter>Header Files</Filter>
    </ClInclude>
    <ClInclude Include="D:\winflexbison\common\m4\lib\gl_oset.h">
      <Filter>Header Files</Filter>
    </ClInclude>
    <ClInclude Include="D:\winflexbison\common\m4\lib\gl_xlist.h">
      <Filter>Header Files</Filter>
    </ClInclude>
    <ClInclude Include="D:\winflexbison\common\m4\lib\gl_xoset.h">
      <Filter>Header Files</Filter>
    </ClInclude>
    <ClInclude Include="D:\winflexbison\common\m4\lib\hash-pjw.h">
      <Filter>Header Files</Filter>
    </ClInclude>
    <ClInclude Include="D:\winflexbison\common\m4\lib\hash-triple.h">
      <Filter>Header Files</Filter>
    </ClInclude>
    <ClInclude Include="D:\winflexbison\common\m4\lib\ignore-value.h">
      <Filter>Header Files</Filter>
    </ClInclude>
    <ClInclude Include="D:\winflexbison\common\m4\lib\libc-config.h">
      <Filter>Header Files</Filter>
    </ClInclude>
    <ClInclude Include="D:\winflexbison\common\m4\lib\malloc\dynarray.h">
      <Filter>Header Files</Filter>
    </ClInclude>
    <ClInclude Include="D:\winflexbison\common\m4\lib\malloc\scratch_buffer.h">
      <Filter>Header Files</Filter>
    </ClInclude>
    <ClInclude Include="D:\winflexbison\common\m4\lib\malloca.h">
      <Filter>Header Files</Filter>
    </ClInclude>
    <ClInclude Include="D:\winflexbison\common\m4\lib\memchr2.h">
      <Filter>Header Files</Filter>
    </ClInclude>
    <ClInclude Include="D:\winflexbison\common\m4\lib\pathmax.h">
      <Filter>Header Files</Filter>
    </ClInclude>
    <ClInclude Include="D:\winflexbison\common\m4\lib\printf-args.h">
      <Filter>Header Files</Filter>
    </ClInclude>
    <ClInclude Include="D:\winflexbison\common\m4\lib\printf-parse.h">
      <Filter>Header Files</Filter>
    </ClInclude>
    <ClInclude Include="D:\winflexbison\common\m4\lib\progname.h">
      <Filter>Header Files</Filter>
    </ClInclude>
    <ClInclude Include="D:\winflexbison\common\m4\lib\regex.h">
      <Filter>Header Files</Filter>
    </ClInclude>
    <ClInclude Include="D:\winflexbison\common\m4\lib\regex_internal.h">
      <Filter>Header Files</Filter>
    </ClInclude>
    <ClInclude Include="D:\winflexbison\common\m4\lib\same-inode.h">
      <Filter>Header Files</Filter>
    </ClInclude>
    <ClInclude Include="D:\winflexbison\common\m4\lib\scratch_buffer.h">
      <Filter>Header Files</Filter>
    </ClInclude>
    <ClInclude Include="D:\winflexbison\common\m4\lib\stdio--.h">
      <Filter>Header Files</Filter>
    </ClInclude>
    <ClInclude Include="D:\winflexbison\common\m4\lib\stdlib--.h">
      <Filter>Header Files</Filter>
    </ClInclude>
    <ClInclude Include="D:\winflexbison\common\m4\lib\stdlib-safer.h">
      <Filter>Header Files</Filter>
    </ClInclude>
    <ClInclude Include="D:\winflexbison\common\m4\lib\tempname.h">
      <Filter>Header Files</Filter>
    </ClInclude>
    <ClInclude Include="D:\winflexbison\common\m4\lib\tmpdir.h">
      <Filter>Header Files</Filter>
    </ClInclude>
    <ClInclude Include="D:\winflexbison\common\m4\lib\unistd--.h">
      <Filter>Header Files</Filter>
    </ClInclude>
    <ClInclude Include="D:\winflexbison\common\m4\lib\unistd-safer.h">
      <Filter>Header Files</Filter>
    </ClInclude>
    <ClInclude Include="D:\winflexbison\common\m4\lib\vasnprintf.h">
      <Filter>Header Files</Filter>
    </ClInclude>
    <ClInclude Include="D:\winflexbison\common\m4\lib\verror.h">
      <Filter>Header Files</Filter>
    </ClInclude>
    <ClInclude Include="D:\winflexbison\common\m4\lib\windows-spawn.h">
      <Filter>Header Files</Filter>
    </ClInclude>
    <ClInclude Include="D:\winflexbison\common\m4\lib\windows-spin.h">
      <Filter>Header Files</Filter>
    </ClInclude>
    <ClInclude Include="D:\winflexbison\common\m4\lib\xalloc-oversized.h">
      <Filter>Header Files</Filter>
    </ClInclude>
    <ClInclude Include="D:\winflexbison\common\m4\lib\xmalloca.h">
      <Filter>Header Files</Filter>
    </ClInclude>
    <ClInclude Include="D:\winflexbison\common\m4\lib\xprintf.h">
      <Filter>Header Files</Filter>
    </ClInclude>
    <ClInclude Include="D:\winflexbison\common\m4\lib\xsize.h">
      <Filter>Header Files</Filter>
    </ClInclude>
    <ClInclude Include="D:\winflexbison\common\m4\lib\xvasprintf.h">
      <Filter>Header Files</Filter>
    </ClInclude>
    <ClInclude Include="D:\winflexbison\common\m4\m4.h">
      <Filter>Header Files</Filter>
    </ClInclude>
    <ClInclude Include="D:\winflexbison\common\misc\alignof.h">
      <Filter>Header Files</Filter>
    </ClInclude>
    <ClInclude Include="D:\winflexbison\common\misc\arg-nonnull.h">
      <Filter>Header Files</Filter>
    </ClInclude>
    <ClInclude Include="D:\winflexbison\common\misc\argmatch.h">
      <Filter>Header Files</Filter>
    </ClInclude>
    <ClInclude Include="D:\winflexbison\common\misc\attribute.h">
      <Filter>Header Files</Filter>
    </ClInclude>
    <ClInclude Include="D:\winflexbison\common\misc\basename-lgpl.h">
      <Filter>Header Files</Filter>
    </ClInclude>
    <ClInclude Include="D:\winflexbison\common\misc\bitrotate.h">
      <Filter>Header Files</Filter>
    </ClInclude>
    <ClInclude Include="D:\winflexbison\common\misc\bitset.h">
      <Filter>Header Files</Filter>
    </ClInclude>
    <ClInclude Include="D:\winflexbison\common\misc\bitset\array.h">
      <Filter>Header Files</Filter>
    </ClInclude>
    <ClInclude Include="D:\winflexbison\common\misc\bitset\base.h">
      <Filter>Header Files</Filter>
    </ClInclude>
    <ClInclude Include="D:\winflexbison\common\misc\bitset\list.h">
      <Filter>Header Files</Filter>
    </ClInclude>
    <ClInclude Include="D:\winflexbison\common\misc\bitset\stats.h">
      <Filter>Header Files</Filter>
    </ClInclude>
    <ClInclude Include="D:\winflexbison\common\misc\bitset\table.h">
      <Filter>Header Files</Filter>
    </ClInclude>
    <ClInclude Include="D:\winflexbison\common\misc\bitset\vector.h">
      <Filter>Header Files</Filter>
    </ClInclude>
    <ClInclude Include="D:\winflexbison\common\misc\bitsetv.h">
      <Filter>Header Files</Filter>
    </ClInclude>
    <ClInclude Include="D:\winflexbison\common\misc\c-ctype.h">
      <Filter>Header Files</Filter>
    </ClInclude>
    <ClInclude Include="D:\winflexbison\common\misc\c-strcase.h">
      <Filter>Header Files</Filter>
    </ClInclude>
    <ClInclude Include="D:\winflexbison\common\misc\c-strcaseeq.h">
      <Filter>Header Files</Filter>
    </ClInclude>
    <ClInclude Include="D:\winflexbison\common\misc\concat-filename.h">
      <Filter>Header Files</Filter>
    </ClInclude>
    <ClInclude Include="D:\winflexbison\common\misc\config.h">
      <Filter>Header Files</Filter>
    </ClInclude>
    <ClInclude Include="D:\winflexbison\common\misc\diffseq.h">
      <Filter>Header Files</Filter>
    </ClInclude>
    <ClInclude Include="D:\winflexbison\common\misc\dirname.h">
      <Filter>Header Files</Filter>
    </ClInclude>
    <ClInclude Include="D:\winflexbison\common\misc\error.h">
      <Filter>Header Files</Filter>
    </ClInclude>
    <ClInclude Include="D:\winflexbison\common\misc\exitfail.h">
      <Filter>Header Files</Filter>
    </ClInclude>
    <ClInclude Include="D:\winflexbison\common\misc\filename.h">
      <Filter>Header Files</Filter>
    </ClInclude>
    <ClInclude Include="D:\winflexbison\common\misc\fstrcmp.h">
      <Filter>Header Files</Filter>
    </ClInclude>
    <ClInclude Include="D:\winflexbison\common\misc\get-errno.h">
      <Filter>Header Files</Filter>
    </ClInclude>
    <ClInclude Include="D:\winflexbison\common\misc\gethrxtime.h">
      <Filter>Header Files</Filter>
    </ClInclude>
    <ClInclude Include="D:\winflexbison\common\misc\getopt.h">
      <Filter>Header Files</Filter>
    </ClInclude>
    <ClInclude Include="D:\winflexbison\common\misc\getopt_int.h">
      <Filter>Header Files</Filter>
    </ClInclude>
    <ClInclude Include="D:\winflexbison\common\misc\getprogname.h">
      <Filter>Header Files</Filter>
    </ClInclude>
    <ClInclude Include="D:\winflexbison\common\misc\gettext.h">
      <Filter>Header Files</Filter>
    </ClInclude>
    <ClInclude Include="D:\winflexbison\common\misc\gl_anyrbtree_list1.h">
      <Filter>Header Files</Filter>
    </ClInclude>
    <ClInclude Include="D:\winflexbison\common\misc\gl_anyrbtree_list2.h">
      <Filter>Header Files</Filter>
    </ClInclude>
    <ClInclude Include="D:\winflexbison\common\misc\gl_anytree_list1.h">
      <Filter>Header Files</Filter>
    </ClInclude>
    <ClInclude Include="D:\winflexbison\common\misc\gl_anytree_list2.h">
      <Filter>Header Files</Filter>
    </ClInclude>
    <ClInclude Include="D:\winflexbison\common\misc\gl_anytreehash_list1.h">
      <Filter>Header Files</Filter>
    </ClInclude>
    <ClInclude Include="D:\winflexbison\common\misc\gl_anytreehash_list2.h">
      <Filter>Header Files</Filter>
    </ClInclude>
    <ClInclude Include="D:\winflexbison\common\misc\gl_array_list.h">
      <Filter>Header Files</Filter>
    </ClInclude>
    <ClInclude Include="D:\winflexbison\common\misc\gl_hash_map.h">
      <Filter>Header Files</Filter>
    </ClInclude>
    <ClInclude Include="D:\winflexbison\common\misc\gl_map.h">
      <Filter>Header Files</Filter>
    </ClInclude>
    <ClInclude Include="D:\winflexbison\common\misc\gl_rbtree_ordered.h">
      <Filter>Header Files</Filter>
    </ClInclude>
    <ClInclude Include="D:\winflexbison\common\misc\gl_rbtree_oset.h">
      <Filter>Header Files</Filter>
    </ClInclude>
    <ClInclude Include="D:\winflexbison\common\misc\gl_rbtreehash_list.h">
      <Filter>Header Files</Filter>
    </ClInclude>
    <ClInclude Include="D:\winflexbison\common\misc\gl_xmap.h">
      <Filter>Header Files</Filter>
    </ClInclude>
    <ClInclude Include="D:\winflexbison\common\misc\glthread\lock.h">
      <Filter>Header Files</Filter>
    </ClInclude>
    <ClInclude Include="D:\winflexbison\common\misc\glthread\tls.h">
      <Filter>Header Files</Filter>
    </ClInclude>
    <ClInclude Include="D:\winflexbison\common\misc\hash.h">
      <Filter>Header Files</Filter>
    </ClInclude>
    <ClInclude Include="D:\winflexbison\common\misc\ialloc.h">
      <Filter>Header Files</Filter>
    </ClInclude>
    <ClInclude Include="D:\winflexbison\common\misc\idx.h">
      <Filter>Header Files</Filter>
    </ClInclude>
    <ClInclude Include="D:\winflexbison\common\misc\integer_length.h">
      <Filter>Header Files</Filter>
    </ClInclude>
    <ClInclude Include="D:\winflexbison\common\misc\intprops.h">
      <Filter>Header Files</Filter>
    </ClInclude>
    <ClInclude Include="D:\winflexbison\common\misc\localcharset.h">
      <Filter>Header Files</Filter>
    </ClInclude>
    <ClInclude Include="D:\winflexbison\common\misc\mbchar.h">
      <Filter>Header Files</Filter>
    </ClInclude>
    <ClInclude Include="D:\winflexbison\common\misc\mbfile.h">
      <Filter>Header Files</Filter>
    </ClInclude>
    <ClInclude Include="D:\winflexbison\common\misc\mbswidth.h">
      <Filter>Header Files</Filter>
    </ClInclude>
    <ClInclude Include="D:\winflexbison\common\misc\obstack.h">
      <Filter>Header Files</Filter>
    </ClInclude>
    <ClInclude Include="D:\winflexbison\common\misc\path-join.h">
      <Filter>Header Files</Filter>
    </ClInclude>
    <ClInclude Include="D:\winflexbison\common\misc\progname.h">
      <Filter>Header Files</Filter>
    </ClInclude>
    <ClInclude Include="D:\winflexbison\common\misc\quote.h">
      <Filter>Header Files</Filter>
    </ClInclude>
    <ClInclude Include="D:\winflexbison\common\misc\quotearg.h">
      <Filter>Header Files</Filter>
    </ClInclude>
    <ClInclude Include="D:\winflexbison\common\misc\relocatable.h">
      <Filter>Header Files</Filter>
    </ClInclude>
    <ClInclude Include="D:\winflexbison\common\misc\stdio-safer.h">
      <Filter>Header Files</Filter>
    </ClInclude>
    <ClInclude Include="D:\winflexbison\common\misc\streq.h">
      <Filter>Header Files</Filter>
    </ClInclude>
    <ClInclude Include="D:\winflexbison\common\misc\system.h">
      <Filter>Header Files</Filter>
    </ClInclude>
    <ClInclude Include="D:\winflexbison\common\misc\timespec.h">
      <Filter>Header Files</Filter>
    </ClInclude>
    <ClInclude Include="D:\winflexbison\common\misc\timevar.h">
      <Filter>Header Files</Filter>
    </ClInclude>
    <ClInclude Include="D:\winflexbison\common\misc\unitypes.h">
      <Filter>Header Files</Filter>
    </ClInclude>
    <ClInclude Include="D:\winflexbison\common\misc\uniwidth.h">
      <Filter>Header Files</Filter>
    </ClInclude>
    <ClInclude Include="D:\winflexbison\common\misc\verify.h">
      <Filter>Header Files</Filter>
    </ClInclude>
    <ClInclude Include="D:\winflexbison\common\misc\xalloc-oversized.h">
      <Filter>Header Files</Filter>
    </ClInclude>
    <ClInclude Include="D:\winflexbison\common\misc\xalloc.h">
      <Filter>Header Files</Filter>
    </ClInclude>
    <ClInclude Include="D:\winflexbison\common\misc\xmemdup0.h">
      <Filter>Header Files</Filter>
    </ClInclude>
    <ClInclude Include="D:\winflexbison\common\misc\xstrndup.h">
      <Filter>Header Files</Filter>
    </ClInclude>
    <ClInclude Include="D:\winflexbison\common\misc\xtime.h">
      <Filter>Header Files</Filter>
    </ClInclude>
  </ItemGroup>
  <ItemGroup>
    <CustomBuild Include="D:\winflexbison\common\CMakeLists.txt" />
  </ItemGroup>
  <ItemGroup>
    <Filter Include="Header Files">
      <UniqueIdentifier>{45072AC8-810B-32C8-ACA6-157EE3480F8B}</UniqueIdentifier>
    </Filter>
    <Filter Include="Source Files">
      <UniqueIdentifier>{9FC37CC4-790A-3787-8444-B60BBC7BBF58}</UniqueIdentifier>
    </Filter>
  </ItemGroup>
</Project>
