<?xml version="1.0" encoding="utf-8"?>
<Project ToolsVersion="4.0" xmlns="http://schemas.microsoft.com/developer/msbuild/2003">
  <ItemGroup>
    <Filter Include="m4">
      <UniqueIdentifier>{b1d835d0-3f7c-4fb5-8616-88bdc0be8264}</UniqueIdentifier>
    </Filter>
    <Filter Include="misc">
      <UniqueIdentifier>{8813a4b0-8702-4f1b-b5ab-9404f668ab83}</UniqueIdentifier>
    </Filter>
    <Filter Include="misc\glthread">
      <UniqueIdentifier>{ba687f4a-b909-48b6-aff8-38299da51c3c}</UniqueIdentifier>
    </Filter>
    <Filter Include="misc\bitset">
      <UniqueIdentifier>{06be121f-0873-46e8-afe6-d8264f435821}</UniqueIdentifier>
    </Filter>
    <Filter Include="m4\lib">
      <UniqueIdentifier>{027839e3-b6aa-40d3-99a7-0bec96f85f06}</UniqueIdentifier>
    </Filter>
  </ItemGroup>
  <ItemGroup>
    <ClInclude Include="..\..\common\misc\glthread\lock.h">
      <Filter>misc\glthread</Filter>
    </ClInclude>
    <ClInclude Include="..\..\common\misc\glthread\tls.h">
      <Filter>misc\glthread</Filter>
    </ClInclude>
    <ClInclude Include="..\..\common\m4\m4.h">
      <Filter>m4</Filter>
    </ClInclude>
    <ClInclude Include="..\..\common\misc\bitset\array.h">
      <Filter>misc\bitset</Filter>
    </ClInclude>
    <ClInclude Include="..\..\common\misc\bitset\base.h">
      <Filter>misc\bitset</Filter>
    </ClInclude>
    <ClInclude Include="..\..\common\misc\bitset\list.h">
      <Filter>misc\bitset</Filter>
    </ClInclude>
    <ClInclude Include="..\..\common\misc\bitset\stats.h">
      <Filter>misc\bitset</Filter>
    </ClInclude>
    <ClInclude Include="..\..\common\misc\bitset\table.h">
      <Filter>misc\bitset</Filter>
    </ClInclude>
    <ClInclude Include="..\..\common\misc\bitset\vector.h">
      <Filter>misc\bitset</Filter>
    </ClInclude>
    <ClInclude Include="..\..\common\misc\argmatch.h">
      <Filter>misc</Filter>
    </ClInclude>
    <ClInclude Include="..\..\common\misc\arg-nonnull.h">
      <Filter>misc</Filter>
    </ClInclude>
    <ClInclude Include="..\..\common\misc\bbitset.h">
      <Filter>misc</Filter>
    </ClInclude>
    <ClInclude Include="..\..\common\misc\bitrotate.h">
      <Filter>misc</Filter>
    </ClInclude>
    <ClInclude Include="..\..\common\misc\bitset.h">
      <Filter>misc</Filter>
    </ClInclude>
    <ClInclude Include="..\..\common\misc\bitsetv.h">
      <Filter>misc</Filter>
    </ClInclude>
    <ClInclude Include="..\..\common\misc\c-ctype.h">
      <Filter>misc</Filter>
    </ClInclude>
    <ClInclude Include="..\..\common\misc\cjk.h">
      <Filter>misc</Filter>
    </ClInclude>
    <ClInclude Include="..\..\common\misc\concat-filename.h">
      <Filter>misc</Filter>
    </ClInclude>
    <ClInclude Include="..\..\common\misc\config.h">
      <Filter>misc</Filter>
    </ClInclude>
    <ClInclude Include="..\..\common\misc\c-strcase.h">
      <Filter>misc</Filter>
    </ClInclude>
    <ClInclude Include="..\..\common\misc\c-strcaseeq.h">
      <Filter>misc</Filter>
    </ClInclude>
    <ClInclude Include="..\..\common\misc\diffseq.h">
      <Filter>misc</Filter>
    </ClInclude>
    <ClInclude Include="..\..\common\misc\dirname.h">
      <Filter>misc</Filter>
    </ClInclude>
    <ClInclude Include="..\..\common\misc\dosname.h">
      <Filter>misc</Filter>
    </ClInclude>
    <ClInclude Include="..\..\common\misc\error.h">
      <Filter>misc</Filter>
    </ClInclude>
    <ClInclude Include="..\..\common\misc\exitfail.h">
      <Filter>misc</Filter>
    </ClInclude>
    <ClInclude Include="..\..\common\misc\filename.h">
      <Filter>misc</Filter>
    </ClInclude>
    <ClInclude Include="..\..\common\misc\fstrcmp.h">
      <Filter>misc</Filter>
    </ClInclude>
    <ClInclude Include="..\..\common\misc\get-errno.h">
      <Filter>misc</Filter>
    </ClInclude>
    <ClInclude Include="..\..\common\misc\gethrxtime.h">
      <Filter>misc</Filter>
    </ClInclude>
    <ClInclude Include="..\..\common\misc\getopt.h">
      <Filter>misc</Filter>
    </ClInclude>
    <ClInclude Include="..\..\common\misc\getopt_int.h">
      <Filter>misc</Filter>
    </ClInclude>
    <ClInclude Include="..\..\common\misc\gettext.h">
      <Filter>misc</Filter>
    </ClInclude>
    <ClInclude Include="..\..\common\misc\hash.h">
      <Filter>misc</Filter>
    </ClInclude>
    <ClInclude Include="..\..\common\misc\intprops.h">
      <Filter>misc</Filter>
    </ClInclude>
    <ClInclude Include="..\..\common\misc\libiberty.h">
      <Filter>misc</Filter>
    </ClInclude>
    <ClInclude Include="..\..\common\misc\localcharset.h">
      <Filter>misc</Filter>
    </ClInclude>
    <ClInclude Include="..\..\common\misc\mbchar.h">
      <Filter>misc</Filter>
    </ClInclude>
    <ClInclude Include="..\..\common\misc\mbfile.h">
      <Filter>misc</Filter>
    </ClInclude>
    <ClInclude Include="..\..\common\misc\mbswidth.h">
      <Filter>misc</Filter>
    </ClInclude>
    <ClInclude Include="..\..\common\misc\obstack.h">
      <Filter>misc</Filter>
    </ClInclude>
    <ClInclude Include="..\..\common\misc\path-join.h">
      <Filter>misc</Filter>
    </ClInclude>
    <ClInclude Include="..\..\common\misc\progname.h">
      <Filter>misc</Filter>
    </ClInclude>
    <ClInclude Include="..\..\common\misc\quote.h">
      <Filter>misc</Filter>
    </ClInclude>
    <ClInclude Include="..\..\common\misc\quotearg.h">
      <Filter>misc</Filter>
    </ClInclude>
    <ClInclude Include="..\..\common\misc\relocatable.h">
      <Filter>misc</Filter>
    </ClInclude>
    <ClInclude Include="..\..\common\misc\stdbool.h">
      <Filter>misc</Filter>
    </ClInclude>
    <ClInclude Include="..\..\common\misc\stdio-safer.h">
      <Filter>misc</Filter>
    </ClInclude>
    <ClInclude Include="..\..\common\misc\streq.h">
      <Filter>misc</Filter>
    </ClInclude>
    <ClInclude Include="..\..\common\misc\system.h">
      <Filter>misc</Filter>
    </ClInclude>
    <ClInclude Include="..\..\common\misc\timespec.h">
      <Filter>misc</Filter>
    </ClInclude>
    <ClInclude Include="..\..\common\misc\timevar.h">
      <Filter>misc</Filter>
    </ClInclude>
    <ClInclude Include="..\..\common\misc\unitypes.in.h">
      <Filter>misc</Filter>
    </ClInclude>
    <ClInclude Include="..\..\common\misc\uniwidth.in.h">
      <Filter>misc</Filter>
    </ClInclude>
    <ClInclude Include="..\..\common\misc\verify.h">
      <Filter>misc</Filter>
    </ClInclude>
    <ClInclude Include="..\..\common\misc\xalloc.h">
      <Filter>misc</Filter>
    </ClInclude>
    <ClInclude Include="..\..\common\misc\xmemdup0.h">
      <Filter>misc</Filter>
    </ClInclude>
    <ClInclude Include="..\..\common\misc\xstrndup.h">
      <Filter>misc</Filter>
    </ClInclude>
    <ClInclude Include="..\..\common\misc\xtime.h">
      <Filter>misc</Filter>
    </ClInclude>
    <ClInclude Include="..\..\common\m4\lib\binary-io.h">
      <Filter>m4\lib</Filter>
    </ClInclude>
    <ClInclude Include="..\..\common\m4\lib\clean-temp.h">
      <Filter>m4\lib</Filter>
    </ClInclude>
    <ClInclude Include="..\..\common\m4\lib\cloexec.h">
      <Filter>m4\lib</Filter>
    </ClInclude>
    <ClInclude Include="..\..\common\m4\lib\closein.h">
      <Filter>m4\lib</Filter>
    </ClInclude>
    <ClInclude Include="..\..\common\m4\lib\closeout.h">
      <Filter>m4\lib</Filter>
    </ClInclude>
    <ClInclude Include="..\..\common\m4\lib\close-stream.h">
      <Filter>m4\lib</Filter>
    </ClInclude>
    <ClInclude Include="..\..\common\m4\lib\c-stack.h">
      <Filter>m4\lib</Filter>
    </ClInclude>
    <ClInclude Include="..\..\common\m4\lib\execute.h">
      <Filter>m4\lib</Filter>
    </ClInclude>
    <ClInclude Include="..\..\common\m4\lib\filenamecat.h">
      <Filter>m4\lib</Filter>
    </ClInclude>
    <ClInclude Include="..\..\common\m4\lib\fpending.h">
      <Filter>m4\lib</Filter>
    </ClInclude>
    <ClInclude Include="..\..\common\m4\lib\freadahead.h">
      <Filter>m4\lib</Filter>
    </ClInclude>
    <ClInclude Include="..\..\common\m4\lib\gl_anyhash_list1.h">
      <Filter>m4\lib</Filter>
    </ClInclude>
    <ClInclude Include="..\..\common\m4\lib\gl_anyhash_list2.h">
      <Filter>m4\lib</Filter>
    </ClInclude>
    <ClInclude Include="..\..\common\m4\lib\gl_anylinked_list1.h">
      <Filter>m4\lib</Filter>
    </ClInclude>
    <ClInclude Include="..\..\common\m4\lib\gl_anylinked_list2.h">
      <Filter>m4\lib</Filter>
    </ClInclude>
    <ClInclude Include="..\..\common\m4\lib\gl_anytree_oset.h">
      <Filter>m4\lib</Filter>
    </ClInclude>
    <ClInclude Include="..\..\common\m4\lib\gl_array_list.h">
      <Filter>m4\lib</Filter>
    </ClInclude>
    <ClInclude Include="..\..\common\m4\lib\gl_avltree_oset.h">
      <Filter>m4\lib</Filter>
    </ClInclude>
    <ClInclude Include="..\..\common\m4\lib\gl_linkedhash_list.h">
      <Filter>m4\lib</Filter>
    </ClInclude>
    <ClInclude Include="..\..\common\m4\lib\gl_list.h">
      <Filter>m4\lib</Filter>
    </ClInclude>
    <ClInclude Include="..\..\common\m4\lib\gl_oset.h">
      <Filter>m4\lib</Filter>
    </ClInclude>
    <ClInclude Include="..\..\common\m4\lib\gl_xlist.h">
      <Filter>m4\lib</Filter>
    </ClInclude>
    <ClInclude Include="..\..\common\m4\lib\gl_xoset.h">
      <Filter>m4\lib</Filter>
    </ClInclude>
    <ClInclude Include="..\..\common\m4\lib\ignore-value.h">
      <Filter>m4\lib</Filter>
    </ClInclude>
    <ClInclude Include="..\..\common\m4\lib\malloca.h">
      <Filter>m4\lib</Filter>
    </ClInclude>
    <ClInclude Include="..\..\common\m4\lib\memchr2.h">
      <Filter>m4\lib</Filter>
    </ClInclude>
    <ClInclude Include="..\..\common\m4\lib\pathmax.h">
      <Filter>m4\lib</Filter>
    </ClInclude>
    <ClInclude Include="..\..\common\m4\lib\printf-args.h">
      <Filter>m4\lib</Filter>
    </ClInclude>
    <ClInclude Include="..\..\common\m4\lib\printf-parse.h">
      <Filter>m4\lib</Filter>
    </ClInclude>
    <ClInclude Include="..\..\common\m4\lib\progname.h">
      <Filter>m4\lib</Filter>
    </ClInclude>
    <ClInclude Include="..\..\common\m4\lib\regex.h">
      <Filter>m4\lib</Filter>
    </ClInclude>
    <ClInclude Include="..\..\common\m4\lib\regex_internal.h">
      <Filter>m4\lib</Filter>
    </ClInclude>
    <ClInclude Include="..\..\common\m4\lib\stdio--.h">
      <Filter>m4\lib</Filter>
    </ClInclude>
    <ClInclude Include="..\..\common\m4\lib\stdlib--.h">
      <Filter>m4\lib</Filter>
    </ClInclude>
    <ClInclude Include="..\..\common\m4\lib\stdlib-safer.h">
      <Filter>m4\lib</Filter>
    </ClInclude>
    <ClInclude Include="..\..\common\m4\lib\tempname.h">
      <Filter>m4\lib</Filter>
    </ClInclude>
    <ClInclude Include="..\..\common\m4\lib\tmpdir.h">
      <Filter>m4\lib</Filter>
    </ClInclude>
    <ClInclude Include="..\..\common\m4\lib\unistd--.h">
      <Filter>m4\lib</Filter>
    </ClInclude>
    <ClInclude Include="..\..\common\m4\lib\unistd-safer.h">
      <Filter>m4\lib</Filter>
    </ClInclude>
    <ClInclude Include="..\..\common\m4\lib\vasnprintf.h">
      <Filter>m4\lib</Filter>
    </ClInclude>
    <ClInclude Include="..\..\common\m4\lib\verror.h">
      <Filter>m4\lib</Filter>
    </ClInclude>
    <ClInclude Include="..\..\common\m4\lib\version-etc.h">
      <Filter>m4\lib</Filter>
    </ClInclude>
    <ClInclude Include="..\..\common\m4\lib\w32spawn.h">
      <Filter>m4\lib</Filter>
    </ClInclude>
    <ClInclude Include="..\..\common\m4\lib\xmalloca.h">
      <Filter>m4\lib</Filter>
    </ClInclude>
    <ClInclude Include="..\..\common\m4\lib\xprintf.h">
      <Filter>m4\lib</Filter>
    </ClInclude>
    <ClInclude Include="..\..\common\m4\lib\xsize.h">
      <Filter>m4\lib</Filter>
    </ClInclude>
    <ClInclude Include="..\..\common\m4\lib\xvasprintf.h">
      <Filter>m4\lib</Filter>
    </ClInclude>
  </ItemGroup>
  <ItemGroup>
    <ClCompile Include="..\..\common\misc\glthread\lock.c">
      <Filter>misc\glthread</Filter>
    </ClCompile>
    <ClCompile Include="..\..\common\misc\glthread\threadlib.c">
      <Filter>misc\glthread</Filter>
    </ClCompile>
    <ClCompile Include="..\..\common\misc\glthread\tls.c">
      <Filter>misc\glthread</Filter>
    </ClCompile>
    <ClCompile Include="..\..\common\m4\builtin.c">
      <Filter>m4</Filter>
    </ClCompile>
    <ClCompile Include="..\..\common\m4\debug.c">
      <Filter>m4</Filter>
    </ClCompile>
    <ClCompile Include="..\..\common\m4\eval.c">
      <Filter>m4</Filter>
    </ClCompile>
    <ClCompile Include="..\..\common\m4\format.c">
      <Filter>m4</Filter>
    </ClCompile>
    <ClCompile Include="..\..\common\m4\freeze.c">
      <Filter>m4</Filter>
    </ClCompile>
    <ClCompile Include="..\..\common\m4\input.c">
      <Filter>m4</Filter>
    </ClCompile>
    <ClCompile Include="..\..\common\m4\m4.c">
      <Filter>m4</Filter>
    </ClCompile>
    <ClCompile Include="..\..\common\m4\macro.c">
      <Filter>m4</Filter>
    </ClCompile>
    <ClCompile Include="..\..\common\m4\output.c">
      <Filter>m4</Filter>
    </ClCompile>
    <ClCompile Include="..\..\common\m4\path.c">
      <Filter>m4</Filter>
    </ClCompile>
    <ClCompile Include="..\..\common\m4\symtab.c">
      <Filter>m4</Filter>
    </ClCompile>
    <ClCompile Include="..\..\common\misc\bitset\array.c">
      <Filter>misc\bitset</Filter>
    </ClCompile>
    <ClCompile Include="..\..\common\misc\bitset\list.c">
      <Filter>misc\bitset</Filter>
    </ClCompile>
    <ClCompile Include="..\..\common\misc\bitset\stats.c">
      <Filter>misc\bitset</Filter>
    </ClCompile>
    <ClCompile Include="..\..\common\misc\bitset\table.c">
      <Filter>misc\bitset</Filter>
    </ClCompile>
    <ClCompile Include="..\..\common\misc\bitset\vector.c">
      <Filter>misc\bitset</Filter>
    </ClCompile>
    <ClCompile Include="..\..\common\misc\app_path.c">
      <Filter>misc</Filter>
    </ClCompile>
    <ClCompile Include="..\..\common\misc\argmatch.c">
      <Filter>misc</Filter>
    </ClCompile>
    <ClCompile Include="..\..\common\misc\basename-lgpl.c">
      <Filter>misc</Filter>
    </ClCompile>
    <ClCompile Include="..\..\common\misc\bitset.c">
      <Filter>misc</Filter>
    </ClCompile>
    <ClCompile Include="..\..\common\misc\bitsetv.c">
      <Filter>misc</Filter>
    </ClCompile>
    <ClCompile Include="..\..\common\misc\c-ctype.c">
      <Filter>misc</Filter>
    </ClCompile>
    <ClCompile Include="..\..\common\misc\concat-filename.c">
      <Filter>misc</Filter>
    </ClCompile>
    <ClCompile Include="..\..\common\misc\c-strcasecmp.c">
      <Filter>misc</Filter>
    </ClCompile>
    <ClCompile Include="..\..\common\misc\c-strncasecmp.c">
      <Filter>misc</Filter>
    </ClCompile>
    <ClCompile Include="..\..\common\misc\dirname.c">
      <Filter>misc</Filter>
    </ClCompile>
    <ClCompile Include="..\..\common\misc\dirname-lgpl.c">
      <Filter>misc</Filter>
    </ClCompile>
    <ClCompile Include="..\..\common\misc\error.c">
      <Filter>misc</Filter>
    </ClCompile>
    <ClCompile Include="..\..\common\misc\exitfail.c">
      <Filter>misc</Filter>
    </ClCompile>
    <ClCompile Include="..\..\common\misc\fstrcmp.c">
      <Filter>misc</Filter>
    </ClCompile>
    <ClCompile Include="..\..\common\misc\getdelim.c">
      <Filter>misc</Filter>
    </ClCompile>
    <ClCompile Include="..\..\common\misc\get-errno.c">
      <Filter>misc</Filter>
    </ClCompile>
    <ClCompile Include="..\..\common\misc\gethrxtime.c">
      <Filter>misc</Filter>
    </ClCompile>
    <ClCompile Include="..\..\common\misc\getline.c">
      <Filter>misc</Filter>
    </ClCompile>
    <ClCompile Include="..\..\common\misc\getopt.c">
      <Filter>misc</Filter>
    </ClCompile>
    <ClCompile Include="..\..\common\misc\getopt1.c">
      <Filter>misc</Filter>
    </ClCompile>
    <ClCompile Include="..\..\common\misc\hash.c">
      <Filter>misc</Filter>
    </ClCompile>
    <ClCompile Include="..\..\common\misc\localcharset.c">
      <Filter>misc</Filter>
    </ClCompile>
    <ClCompile Include="..\..\common\misc\mbchar.c">
      <Filter>misc</Filter>
    </ClCompile>
    <ClCompile Include="..\..\common\misc\mbfile.c">
      <Filter>misc</Filter>
    </ClCompile>
    <ClCompile Include="..\..\common\misc\mbswidth.c">
      <Filter>misc</Filter>
    </ClCompile>
    <ClCompile Include="..\..\common\misc\obstack.c">
      <Filter>misc</Filter>
    </ClCompile>
    <ClCompile Include="..\..\common\misc\obstack_printf.c">
      <Filter>misc</Filter>
    </ClCompile>
    <ClCompile Include="..\..\common\misc\path-join.c">
      <Filter>misc</Filter>
    </ClCompile>
    <ClCompile Include="..\..\common\misc\progname.c">
      <Filter>misc</Filter>
    </ClCompile>
    <ClCompile Include="..\..\common\misc\quotearg.c">
      <Filter>misc</Filter>
    </ClCompile>
    <ClCompile Include="..\..\common\misc\relocatable.c">
      <Filter>misc</Filter>
    </ClCompile>
    <ClCompile Include="..\..\common\misc\strverscmp.c">
      <Filter>misc</Filter>
    </ClCompile>
    <ClCompile Include="..\..\common\misc\timespec.c">
      <Filter>misc</Filter>
    </ClCompile>
    <ClCompile Include="..\..\common\misc\timevar.c">
      <Filter>misc</Filter>
    </ClCompile>
    <ClCompile Include="..\..\common\misc\wcwidth.c">
      <Filter>misc</Filter>
    </ClCompile>
    <ClCompile Include="..\..\common\misc\width.c">
      <Filter>misc</Filter>
    </ClCompile>
    <ClCompile Include="..\..\common\misc\xalloc-die.c">
      <Filter>misc</Filter>
    </ClCompile>
    <ClCompile Include="..\..\common\misc\xconcat-filename.c">
      <Filter>misc</Filter>
    </ClCompile>
    <ClCompile Include="..\..\common\misc\xmalloc.c">
      <Filter>misc</Filter>
    </ClCompile>
    <ClCompile Include="..\..\common\misc\xmemdup0.c">
      <Filter>misc</Filter>
    </ClCompile>
    <ClCompile Include="..\..\common\misc\xstrndup.c">
      <Filter>misc</Filter>
    </ClCompile>
    <ClCompile Include="..\..\common\misc\xtime.c">
      <Filter>misc</Filter>
    </ClCompile>
    <ClCompile Include="..\..\common\m4\lib\clean-temp.c">
      <Filter>m4\lib</Filter>
    </ClCompile>
    <ClCompile Include="..\..\common\m4\lib\cloexec.c">
      <Filter>m4\lib</Filter>
    </ClCompile>
    <ClCompile Include="..\..\common\m4\lib\closein.c">
      <Filter>m4\lib</Filter>
    </ClCompile>
    <ClCompile Include="..\..\common\m4\lib\closeout.c">
      <Filter>m4\lib</Filter>
    </ClCompile>
    <ClCompile Include="..\..\common\m4\lib\close-stream.c">
      <Filter>m4\lib</Filter>
    </ClCompile>
    <ClCompile Include="..\..\common\m4\lib\execute.c">
      <Filter>m4\lib</Filter>
    </ClCompile>
    <ClCompile Include="..\..\common\m4\lib\fd-safer.c">
      <Filter>m4\lib</Filter>
    </ClCompile>
    <ClCompile Include="..\..\common\m4\lib\filenamecat-lgpl.c">
      <Filter>m4\lib</Filter>
    </ClCompile>
    <ClCompile Include="..\..\common\m4\lib\gl_array_list.c">
      <Filter>m4\lib</Filter>
    </ClCompile>
    <ClCompile Include="..\..\common\m4\lib\gl_avltree_oset.c">
      <Filter>m4\lib</Filter>
    </ClCompile>
    <ClCompile Include="..\..\common\m4\lib\gl_linkedhash_list.c">
      <Filter>m4\lib</Filter>
    </ClCompile>
    <ClCompile Include="..\..\common\m4\lib\gl_list.c">
      <Filter>m4\lib</Filter>
    </ClCompile>
    <ClCompile Include="..\..\common\m4\lib\gl_oset.c">
      <Filter>m4\lib</Filter>
    </ClCompile>
    <ClCompile Include="..\..\common\m4\lib\gl_xlist.c">
      <Filter>m4\lib</Filter>
    </ClCompile>
    <ClCompile Include="..\..\common\m4\lib\gl_xoset.c">
      <Filter>m4\lib</Filter>
    </ClCompile>
    <ClCompile Include="..\..\common\m4\lib\memchr2.c">
      <Filter>m4\lib</Filter>
    </ClCompile>
    <ClCompile Include="..\..\common\m4\lib\mkdtemp.c">
      <Filter>m4\lib</Filter>
    </ClCompile>
    <ClCompile Include="..\..\common\m4\lib\mkstemp.c">
      <Filter>m4\lib</Filter>
    </ClCompile>
    <ClCompile Include="..\..\common\m4\lib\mkstemp-safer.c">
      <Filter>m4\lib</Filter>
    </ClCompile>
    <ClCompile Include="..\..\common\m4\lib\printf-args.c">
      <Filter>m4\lib</Filter>
    </ClCompile>
    <ClCompile Include="..\..\common\m4\lib\printf-parse.c">
      <Filter>m4\lib</Filter>
    </ClCompile>
    <ClCompile Include="..\..\common\m4\lib\regex.c">
      <Filter>m4\lib</Filter>
    </ClCompile>
    <ClCompile Include="..\..\common\m4\lib\regex_internal.c">
      <Filter>m4\lib</Filter>
    </ClCompile>
    <ClCompile Include="..\..\common\m4\lib\tempname.c">
      <Filter>m4\lib</Filter>
    </ClCompile>
    <ClCompile Include="..\..\common\m4\lib\tmpdir.c">
      <Filter>m4\lib</Filter>
    </ClCompile>
    <ClCompile Include="..\..\common\m4\lib\vasnprintf.c">
      <Filter>m4\lib</Filter>
    </ClCompile>
    <ClCompile Include="..\..\common\m4\lib\vasprintf.c">
      <Filter>m4\lib</Filter>
    </ClCompile>
    <ClCompile Include="..\..\common\m4\lib\verror.c">
      <Filter>m4\lib</Filter>
    </ClCompile>
    <ClCompile Include="..\..\common\m4\lib\xasprintf.c">
      <Filter>m4\lib</Filter>
    </ClCompile>
    <ClCompile Include="..\..\common\m4\lib\xprintf.c">
      <Filter>m4\lib</Filter>
    </ClCompile>
    <ClCompile Include="..\..\common\m4\lib\xvasprintf.c">
      <Filter>m4\lib</Filter>
    </ClCompile>
    <ClCompile Include="..\..\common\misc\xhash.c">
      <Filter>misc</Filter>
    </ClCompile>
  </ItemGroup>
</Project>