<?xml version="1.0" encoding="utf-8"?>
<Project ToolsVersion="4.0" xmlns="http://schemas.microsoft.com/developer/msbuild/2003">
  <ItemGroup>
    <Filter Include="Source Files">
      <UniqueIdentifier>{4FC737F1-C7A5-4376-A066-2A32D752A2FF}</UniqueIdentifier>
      <Extensions>cpp;c;cc;cxx;def;odl;idl;hpj;bat;asm;asmx</Extensions>
    </Filter>
    <Filter Include="Header Files">
      <UniqueIdentifier>{93995380-89BD-4b04-88EB-625FBE52EBFB}</UniqueIdentifier>
      <Extensions>h;hh;hpp;hxx;hm;inl;inc;xsd</Extensions>
    </Filter>
    <Filter Include="Resource Files">
      <UniqueIdentifier>{67DA6AB6-F800-4c08-8B7A-83BB121AAD01}</UniqueIdentifier>
      <Extensions>rc;ico;cur;bmp;dlg;rc2;rct;bin;rgs;gif;jpg;jpeg;jpe;resx;tiff;tif;png;wav;mfcribbon-ms</Extensions>
    </Filter>
    <Filter Include="Header Files\m4">
      <UniqueIdentifier>{0de8062d-8750-4e72-a26b-234100034a90}</UniqueIdentifier>
    </Filter>
    <Filter Include="Header Files\m4\lib">
      <UniqueIdentifier>{04a4dd29-f61d-415d-90d2-98a6e8c66011}</UniqueIdentifier>
    </Filter>
    <Filter Include="Header Files\misc">
      <UniqueIdentifier>{7e89762d-6d5e-4c1a-bec8-f462f638f3ba}</UniqueIdentifier>
    </Filter>
    <Filter Include="Source Files\m4">
      <UniqueIdentifier>{a2280579-85d6-488e-9276-7bfc6fb02967}</UniqueIdentifier>
    </Filter>
    <Filter Include="Source Files\m4\lib">
      <UniqueIdentifier>{afa40aac-8a18-40b9-886c-95da15d3e199}</UniqueIdentifier>
    </Filter>
    <Filter Include="Source Files\misc">
      <UniqueIdentifier>{eb344e8c-5b12-4842-82a3-df25cc8e8ea3}</UniqueIdentifier>
    </Filter>
  </ItemGroup>
  <ItemGroup>
    <ClInclude Include="..\..\common\m4\m4.h">
      <Filter>Header Files\m4</Filter>
    </ClInclude>
    <ClInclude Include="..\..\common\m4\lib\binary-io.h">
      <Filter>Header Files\m4\lib</Filter>
    </ClInclude>
    <ClInclude Include="..\..\common\m4\lib\clean-temp.h">
      <Filter>Header Files\m4\lib</Filter>
    </ClInclude>
    <ClInclude Include="..\..\common\m4\lib\cloexec.h">
      <Filter>Header Files\m4\lib</Filter>
    </ClInclude>
    <ClInclude Include="..\..\common\m4\lib\closein.h">
      <Filter>Header Files\m4\lib</Filter>
    </ClInclude>
    <ClInclude Include="..\..\common\m4\lib\closeout.h">
      <Filter>Header Files\m4\lib</Filter>
    </ClInclude>
    <ClInclude Include="..\..\common\m4\lib\close-stream.h">
      <Filter>Header Files\m4\lib</Filter>
    </ClInclude>
    <ClInclude Include="..\..\common\m4\lib\c-stack.h">
      <Filter>Header Files\m4\lib</Filter>
    </ClInclude>
    <ClInclude Include="..\..\common\m4\lib\execute.h">
      <Filter>Header Files\m4\lib</Filter>
    </ClInclude>
    <ClInclude Include="..\..\common\m4\lib\filenamecat.h">
      <Filter>Header Files\m4\lib</Filter>
    </ClInclude>
    <ClInclude Include="..\..\common\m4\lib\fpending.h">
      <Filter>Header Files\m4\lib</Filter>
    </ClInclude>
    <ClInclude Include="..\..\common\m4\lib\freadahead.h">
      <Filter>Header Files\m4\lib</Filter>
    </ClInclude>
    <ClInclude Include="..\..\common\m4\lib\gl_anyhash_list1.h">
      <Filter>Header Files\m4\lib</Filter>
    </ClInclude>
    <ClInclude Include="..\..\common\m4\lib\gl_anyhash_list2.h">
      <Filter>Header Files\m4\lib</Filter>
    </ClInclude>
    <ClInclude Include="..\..\common\m4\lib\gl_anylinked_list1.h">
      <Filter>Header Files\m4\lib</Filter>
    </ClInclude>
    <ClInclude Include="..\..\common\m4\lib\gl_anylinked_list2.h">
      <Filter>Header Files\m4\lib</Filter>
    </ClInclude>
    <ClInclude Include="..\..\common\m4\lib\gl_anytree_oset.h">
      <Filter>Header Files\m4\lib</Filter>
    </ClInclude>
    <ClInclude Include="..\..\common\m4\lib\gl_avltree_oset.h">
      <Filter>Header Files\m4\lib</Filter>
    </ClInclude>
    <ClInclude Include="..\..\common\m4\lib\gl_linkedhash_list.h">
      <Filter>Header Files\m4\lib</Filter>
    </ClInclude>
    <ClInclude Include="..\..\common\m4\lib\gl_list.h">
      <Filter>Header Files\m4\lib</Filter>
    </ClInclude>
    <ClInclude Include="..\..\common\m4\lib\gl_oset.h">
      <Filter>Header Files\m4\lib</Filter>
    </ClInclude>
    <ClInclude Include="..\..\common\m4\lib\gl_xlist.h">
      <Filter>Header Files\m4\lib</Filter>
    </ClInclude>
    <ClInclude Include="..\..\common\m4\lib\gl_xoset.h">
      <Filter>Header Files\m4\lib</Filter>
    </ClInclude>
    <ClInclude Include="..\..\common\m4\lib\ignore-value.h">
      <Filter>Header Files\m4\lib</Filter>
    </ClInclude>
    <ClInclude Include="..\..\common\m4\lib\malloca.h">
      <Filter>Header Files\m4\lib</Filter>
    </ClInclude>
    <ClInclude Include="..\..\common\m4\lib\memchr2.h">
      <Filter>Header Files\m4\lib</Filter>
    </ClInclude>
    <ClInclude Include="..\..\common\m4\lib\pathmax.h">
      <Filter>Header Files\m4\lib</Filter>
    </ClInclude>
    <ClInclude Include="..\..\common\m4\lib\printf-args.h">
      <Filter>Header Files\m4\lib</Filter>
    </ClInclude>
    <ClInclude Include="..\..\common\m4\lib\printf-parse.h">
      <Filter>Header Files\m4\lib</Filter>
    </ClInclude>
    <ClInclude Include="..\..\common\m4\lib\progname.h">
      <Filter>Header Files\m4\lib</Filter>
    </ClInclude>
    <ClInclude Include="..\..\common\m4\lib\regex.h">
      <Filter>Header Files\m4\lib</Filter>
    </ClInclude>
    <ClInclude Include="..\..\common\m4\lib\regex_internal.h">
      <Filter>Header Files\m4\lib</Filter>
    </ClInclude>
    <ClInclude Include="..\..\common\m4\lib\stdio--.h">
      <Filter>Header Files\m4\lib</Filter>
    </ClInclude>
    <ClInclude Include="..\..\common\m4\lib\stdlib--.h">
      <Filter>Header Files\m4\lib</Filter>
    </ClInclude>
    <ClInclude Include="..\..\common\m4\lib\stdlib-safer.h">
      <Filter>Header Files\m4\lib</Filter>
    </ClInclude>
    <ClInclude Include="..\..\common\m4\lib\tempname.h">
      <Filter>Header Files\m4\lib</Filter>
    </ClInclude>
    <ClInclude Include="..\..\common\m4\lib\tmpdir.h">
      <Filter>Header Files\m4\lib</Filter>
    </ClInclude>
    <ClInclude Include="..\..\common\m4\lib\unistd--.h">
      <Filter>Header Files\m4\lib</Filter>
    </ClInclude>
    <ClInclude Include="..\..\common\m4\lib\unistd-safer.h">
      <Filter>Header Files\m4\lib</Filter>
    </ClInclude>
    <ClInclude Include="..\..\common\m4\lib\vasnprintf.h">
      <Filter>Header Files\m4\lib</Filter>
    </ClInclude>
    <ClInclude Include="..\..\common\m4\lib\verror.h">
      <Filter>Header Files\m4\lib</Filter>
    </ClInclude>
    <ClInclude Include="..\..\common\m4\lib\version-etc.h">
      <Filter>Header Files\m4\lib</Filter>
    </ClInclude>
    <ClInclude Include="..\..\common\m4\lib\w32spawn.h">
      <Filter>Header Files\m4\lib</Filter>
    </ClInclude>
    <ClInclude Include="..\..\common\m4\lib\xmalloca.h">
      <Filter>Header Files\m4\lib</Filter>
    </ClInclude>
    <ClInclude Include="..\..\common\m4\lib\xprintf.h">
      <Filter>Header Files\m4\lib</Filter>
    </ClInclude>
    <ClInclude Include="..\..\common\m4\lib\xsize.h">
      <Filter>Header Files\m4\lib</Filter>
    </ClInclude>
    <ClInclude Include="..\..\common\m4\lib\xvasprintf.h">
      <Filter>Header Files\m4\lib</Filter>
    </ClInclude>
    <ClInclude Include="..\..\common\misc\abitset.h">
      <Filter>Header Files\misc</Filter>
    </ClInclude>
    <ClInclude Include="..\..\common\misc\argmatch.h">
      <Filter>Header Files\misc</Filter>
    </ClInclude>
    <ClInclude Include="..\..\common\misc\bbitset.h">
      <Filter>Header Files\misc</Filter>
    </ClInclude>
    <ClInclude Include="..\..\common\misc\bitrotate.h">
      <Filter>Header Files\misc</Filter>
    </ClInclude>
    <ClInclude Include="..\..\common\misc\bitset.h">
      <Filter>Header Files\misc</Filter>
    </ClInclude>
    <ClInclude Include="..\..\common\misc\bitset_stats.h">
      <Filter>Header Files\misc</Filter>
    </ClInclude>
    <ClInclude Include="..\..\common\misc\bitsetv.h">
      <Filter>Header Files\misc</Filter>
    </ClInclude>
    <ClInclude Include="..\..\common\misc\bitsetv-print.h">
      <Filter>Header Files\misc</Filter>
    </ClInclude>
    <ClInclude Include="..\..\common\misc\c-ctype.h">
      <Filter>Header Files\misc</Filter>
    </ClInclude>
    <ClInclude Include="..\..\common\misc\cjk.h">
      <Filter>Header Files\misc</Filter>
    </ClInclude>
    <ClInclude Include="..\..\common\misc\config.h">
      <Filter>Header Files\misc</Filter>
    </ClInclude>
    <ClInclude Include="..\..\common\misc\c-strcase.h">
      <Filter>Header Files\misc</Filter>
    </ClInclude>
    <ClInclude Include="..\..\common\misc\c-strcaseeq.h">
      <Filter>Header Files\misc</Filter>
    </ClInclude>
    <ClInclude Include="..\..\common\misc\dirname.h">
      <Filter>Header Files\misc</Filter>
    </ClInclude>
    <ClInclude Include="..\..\common\misc\dosname.h">
      <Filter>Header Files\misc</Filter>
    </ClInclude>
    <ClInclude Include="..\..\common\misc\ebitset.h">
      <Filter>Header Files\misc</Filter>
    </ClInclude>
    <ClInclude Include="..\..\common\misc\error.h">
      <Filter>Header Files\misc</Filter>
    </ClInclude>
    <ClInclude Include="..\..\common\misc\exitfail.h">
      <Filter>Header Files\misc</Filter>
    </ClInclude>
    <ClInclude Include="..\..\common\misc\get-errno.h">
      <Filter>Header Files\misc</Filter>
    </ClInclude>
    <ClInclude Include="..\..\common\misc\getopt.h">
      <Filter>Header Files\misc</Filter>
    </ClInclude>
    <ClInclude Include="..\..\common\misc\getopt_int.h">
      <Filter>Header Files\misc</Filter>
    </ClInclude>
    <ClInclude Include="..\..\common\misc\gettext.h">
      <Filter>Header Files\misc</Filter>
    </ClInclude>
    <ClInclude Include="..\..\common\misc\hash.h">
      <Filter>Header Files\misc</Filter>
    </ClInclude>
    <ClInclude Include="..\..\common\misc\lbitset.h">
      <Filter>Header Files\misc</Filter>
    </ClInclude>
    <ClInclude Include="..\..\common\misc\localcharset.h">
      <Filter>Header Files\misc</Filter>
    </ClInclude>
    <ClInclude Include="..\..\common\misc\mbswidth.h">
      <Filter>Header Files\misc</Filter>
    </ClInclude>
    <ClInclude Include="..\..\common\misc\obstack.h">
      <Filter>Header Files\misc</Filter>
    </ClInclude>
    <ClInclude Include="..\..\common\misc\progname.h">
      <Filter>Header Files\misc</Filter>
    </ClInclude>
    <ClInclude Include="..\..\common\misc\quote.h">
      <Filter>Header Files\misc</Filter>
    </ClInclude>
    <ClInclude Include="..\..\common\misc\quotearg.h">
      <Filter>Header Files\misc</Filter>
    </ClInclude>
    <ClInclude Include="..\..\common\misc\stdbool.h">
      <Filter>Header Files\misc</Filter>
    </ClInclude>
    <ClInclude Include="..\..\common\misc\stdio-safer.h">
      <Filter>Header Files\misc</Filter>
    </ClInclude>
    <ClInclude Include="..\..\common\misc\streq.h">
      <Filter>Header Files\misc</Filter>
    </ClInclude>
    <ClInclude Include="..\..\common\misc\system.h">
      <Filter>Header Files\misc</Filter>
    </ClInclude>
    <ClInclude Include="..\..\common\misc\timevar.h">
      <Filter>Header Files\misc</Filter>
    </ClInclude>
    <ClInclude Include="..\..\common\misc\unitypes.in.h">
      <Filter>Header Files\misc</Filter>
    </ClInclude>
    <ClInclude Include="..\..\common\misc\uniwidth.in.h">
      <Filter>Header Files\misc</Filter>
    </ClInclude>
    <ClInclude Include="..\..\common\misc\vbitset.h">
      <Filter>Header Files\misc</Filter>
    </ClInclude>
    <ClInclude Include="..\..\common\misc\verify.h">
      <Filter>Header Files\misc</Filter>
    </ClInclude>
    <ClInclude Include="..\..\common\misc\xalloc.h">
      <Filter>Header Files\misc</Filter>
    </ClInclude>
    <ClInclude Include="..\..\common\misc\xmemdup0.h">
      <Filter>Header Files\misc</Filter>
    </ClInclude>
    <ClInclude Include="..\..\common\misc\xstrndup.h">
      <Filter>Header Files\misc</Filter>
    </ClInclude>
  </ItemGroup>
  <ItemGroup>
    <ClCompile Include="..\..\common\m4\lib\clean-temp.c">
      <Filter>Source Files\m4\lib</Filter>
    </ClCompile>
    <ClCompile Include="..\..\common\m4\lib\cloexec.c">
      <Filter>Source Files\m4\lib</Filter>
    </ClCompile>
    <ClCompile Include="..\..\common\m4\lib\closein.c">
      <Filter>Source Files\m4\lib</Filter>
    </ClCompile>
    <ClCompile Include="..\..\common\m4\lib\closeout.c">
      <Filter>Source Files\m4\lib</Filter>
    </ClCompile>
    <ClCompile Include="..\..\common\m4\lib\close-stream.c">
      <Filter>Source Files\m4\lib</Filter>
    </ClCompile>
    <ClCompile Include="..\..\common\m4\lib\execute.c">
      <Filter>Source Files\m4\lib</Filter>
    </ClCompile>
    <ClCompile Include="..\..\common\m4\lib\fd-safer.c">
      <Filter>Source Files\m4\lib</Filter>
    </ClCompile>
    <ClCompile Include="..\..\common\m4\lib\filenamecat-lgpl.c">
      <Filter>Source Files\m4\lib</Filter>
    </ClCompile>
    <ClCompile Include="..\..\common\m4\lib\gl_avltree_oset.c">
      <Filter>Source Files\m4\lib</Filter>
    </ClCompile>
    <ClCompile Include="..\..\common\m4\lib\gl_linkedhash_list.c">
      <Filter>Source Files\m4\lib</Filter>
    </ClCompile>
    <ClCompile Include="..\..\common\m4\lib\gl_list.c">
      <Filter>Source Files\m4\lib</Filter>
    </ClCompile>
    <ClCompile Include="..\..\common\m4\lib\gl_oset.c">
      <Filter>Source Files\m4\lib</Filter>
    </ClCompile>
    <ClCompile Include="..\..\common\m4\lib\gl_xlist.c">
      <Filter>Source Files\m4\lib</Filter>
    </ClCompile>
    <ClCompile Include="..\..\common\m4\lib\gl_xoset.c">
      <Filter>Source Files\m4\lib</Filter>
    </ClCompile>
    <ClCompile Include="..\..\common\m4\lib\memchr2.c">
      <Filter>Source Files\m4\lib</Filter>
    </ClCompile>
    <ClCompile Include="..\..\common\m4\lib\mkdtemp.c">
      <Filter>Source Files\m4\lib</Filter>
    </ClCompile>
    <ClCompile Include="..\..\common\m4\lib\mkstemp.c">
      <Filter>Source Files\m4\lib</Filter>
    </ClCompile>
    <ClCompile Include="..\..\common\m4\lib\mkstemp-safer.c">
      <Filter>Source Files\m4\lib</Filter>
    </ClCompile>
    <ClCompile Include="..\..\common\m4\lib\printf-args.c">
      <Filter>Source Files\m4\lib</Filter>
    </ClCompile>
    <ClCompile Include="..\..\common\m4\lib\printf-parse.c">
      <Filter>Source Files\m4\lib</Filter>
    </ClCompile>
    <ClCompile Include="..\..\common\m4\lib\regcomp.c">
      <Filter>Source Files\m4\lib</Filter>
    </ClCompile>
    <ClCompile Include="..\..\common\m4\lib\regex.c">
      <Filter>Source Files\m4\lib</Filter>
    </ClCompile>
    <ClCompile Include="..\..\common\m4\lib\regex_internal.c">
      <Filter>Source Files\m4\lib</Filter>
    </ClCompile>
    <ClCompile Include="..\..\common\m4\lib\regexec.c">
      <Filter>Source Files\m4\lib</Filter>
    </ClCompile>
    <ClCompile Include="..\..\common\m4\lib\tempname.c">
      <Filter>Source Files\m4\lib</Filter>
    </ClCompile>
    <ClCompile Include="..\..\common\m4\lib\tmpdir.c">
      <Filter>Source Files\m4\lib</Filter>
    </ClCompile>
    <ClCompile Include="..\..\common\m4\lib\vasnprintf.c">
      <Filter>Source Files\m4\lib</Filter>
    </ClCompile>
    <ClCompile Include="..\..\common\m4\lib\vasprintf.c">
      <Filter>Source Files\m4\lib</Filter>
    </ClCompile>
    <ClCompile Include="..\..\common\m4\lib\verror.c">
      <Filter>Source Files\m4\lib</Filter>
    </ClCompile>
    <ClCompile Include="..\..\common\m4\lib\xasprintf.c">
      <Filter>Source Files\m4\lib</Filter>
    </ClCompile>
    <ClCompile Include="..\..\common\m4\lib\xprintf.c">
      <Filter>Source Files\m4\lib</Filter>
    </ClCompile>
    <ClCompile Include="..\..\common\m4\lib\xvasprintf.c">
      <Filter>Source Files\m4\lib</Filter>
    </ClCompile>
    <ClCompile Include="..\..\common\misc\abitset.c">
      <Filter>Source Files\misc</Filter>
    </ClCompile>
    <ClCompile Include="..\..\common\misc\app_path.c">
      <Filter>Source Files\misc</Filter>
    </ClCompile>
    <ClCompile Include="..\..\common\misc\argmatch.c">
      <Filter>Source Files\misc</Filter>
    </ClCompile>
    <ClCompile Include="..\..\common\misc\basename-lgpl.c">
      <Filter>Source Files\misc</Filter>
    </ClCompile>
    <ClCompile Include="..\..\common\misc\bitset.c">
      <Filter>Source Files\misc</Filter>
    </ClCompile>
    <ClCompile Include="..\..\common\misc\bitset_stats.c">
      <Filter>Source Files\misc</Filter>
    </ClCompile>
    <ClCompile Include="..\..\common\misc\bitsetv.c">
      <Filter>Source Files\misc</Filter>
    </ClCompile>
    <ClCompile Include="..\..\common\misc\bitsetv-print.c">
      <Filter>Source Files\misc</Filter>
    </ClCompile>
    <ClCompile Include="..\..\common\misc\c-ctype.c">
      <Filter>Source Files\misc</Filter>
    </ClCompile>
    <ClCompile Include="..\..\common\misc\c-strcasecmp.c">
      <Filter>Source Files\misc</Filter>
    </ClCompile>
    <ClCompile Include="..\..\common\misc\c-strncasecmp.c">
      <Filter>Source Files\misc</Filter>
    </ClCompile>
    <ClCompile Include="..\..\common\misc\dirname.c">
      <Filter>Source Files\misc</Filter>
    </ClCompile>
    <ClCompile Include="..\..\common\misc\dirname-lgpl.c">
      <Filter>Source Files\misc</Filter>
    </ClCompile>
    <ClCompile Include="..\..\common\misc\ebitset.c">
      <Filter>Source Files\misc</Filter>
    </ClCompile>
    <ClCompile Include="..\..\common\misc\error.c">
      <Filter>Source Files\misc</Filter>
    </ClCompile>
    <ClCompile Include="..\..\common\misc\exitfail.c">
      <Filter>Source Files\misc</Filter>
    </ClCompile>
    <ClCompile Include="..\..\common\misc\getdelim.c">
      <Filter>Source Files\misc</Filter>
    </ClCompile>
    <ClCompile Include="..\..\common\misc\get-errno.c">
      <Filter>Source Files\misc</Filter>
    </ClCompile>
    <ClCompile Include="..\..\common\misc\getline.c">
      <Filter>Source Files\misc</Filter>
    </ClCompile>
    <ClCompile Include="..\..\common\misc\getopt.c">
      <Filter>Source Files\misc</Filter>
    </ClCompile>
    <ClCompile Include="..\..\common\misc\getopt1.c">
      <Filter>Source Files\misc</Filter>
    </ClCompile>
    <ClCompile Include="..\..\common\misc\hash.c">
      <Filter>Source Files\misc</Filter>
    </ClCompile>
    <ClCompile Include="..\..\common\misc\lbitset.c">
      <Filter>Source Files\misc</Filter>
    </ClCompile>
    <ClCompile Include="..\..\common\misc\localcharset.c">
      <Filter>Source Files\misc</Filter>
    </ClCompile>
    <ClCompile Include="..\..\common\misc\mbswidth.c">
      <Filter>Source Files\misc</Filter>
    </ClCompile>
    <ClCompile Include="..\..\common\misc\obstack.c">
      <Filter>Source Files\misc</Filter>
    </ClCompile>
    <ClCompile Include="..\..\common\misc\obstack_printf.c">
      <Filter>Source Files\misc</Filter>
    </ClCompile>
    <ClCompile Include="..\..\common\misc\progname.c">
      <Filter>Source Files\misc</Filter>
    </ClCompile>
    <ClCompile Include="..\..\common\misc\quotearg.c">
      <Filter>Source Files\misc</Filter>
    </ClCompile>
    <ClCompile Include="..\..\common\misc\strverscmp.c">
      <Filter>Source Files\misc</Filter>
    </ClCompile>
    <ClCompile Include="..\..\common\misc\timevar.c">
      <Filter>Source Files\misc</Filter>
    </ClCompile>
    <ClCompile Include="..\..\common\misc\vbitset.c">
      <Filter>Source Files\misc</Filter>
    </ClCompile>
    <ClCompile Include="..\..\common\misc\wcwidth.c">
      <Filter>Source Files\misc</Filter>
    </ClCompile>
    <ClCompile Include="..\..\common\misc\width.c">
      <Filter>Source Files\misc</Filter>
    </ClCompile>
    <ClCompile Include="..\..\common\misc\xalloc-die.c">
      <Filter>Source Files\misc</Filter>
    </ClCompile>
    <ClCompile Include="..\..\common\misc\xmalloc.c">
      <Filter>Source Files\misc</Filter>
    </ClCompile>
    <ClCompile Include="..\..\common\misc\xmemdup0.c">
      <Filter>Source Files\misc</Filter>
    </ClCompile>
    <ClCompile Include="..\..\common\misc\xstrndup.c">
      <Filter>Source Files\misc</Filter>
    </ClCompile>
    <ClCompile Include="..\..\common\m4\builtin.c">
      <Filter>Source Files\m4</Filter>
    </ClCompile>
    <ClCompile Include="..\..\common\m4\debug.c">
      <Filter>Source Files\m4</Filter>
    </ClCompile>
    <ClCompile Include="..\..\common\m4\eval.c">
      <Filter>Source Files\m4</Filter>
    </ClCompile>
    <ClCompile Include="..\..\common\m4\format.c">
      <Filter>Source Files\m4</Filter>
    </ClCompile>
    <ClCompile Include="..\..\common\m4\freeze.c">
      <Filter>Source Files\m4</Filter>
    </ClCompile>
    <ClCompile Include="..\..\common\m4\input.c">
      <Filter>Source Files\m4</Filter>
    </ClCompile>
    <ClCompile Include="..\..\common\m4\m4.c">
      <Filter>Source Files\m4</Filter>
    </ClCompile>
    <ClCompile Include="..\..\common\m4\macro.c">
      <Filter>Source Files\m4</Filter>
    </ClCompile>
    <ClCompile Include="..\..\common\m4\output.c">
      <Filter>Source Files\m4</Filter>
    </ClCompile>
    <ClCompile Include="..\..\common\m4\path.c">
      <Filter>Source Files\m4</Filter>
    </ClCompile>
    <ClCompile Include="..\..\common\m4\symtab.c">
      <Filter>Source Files\m4</Filter>
    </ClCompile>
  </ItemGroup>
</Project>