<?xml version="1.0" encoding="utf-8"?>
<Project ToolsVersion="4.0" xmlns="http://schemas.microsoft.com/developer/msbuild/2003">
  <ItemGroup>
    <Filter Include="Source Files">
      <UniqueIdentifier>{4FC737F1-C7A5-4376-A066-2A32D752A2FF}</UniqueIdentifier>
      <Extensions>cpp;c;cc;cxx;def;odl;idl;hpj;bat;asm;asmx</Extensions>
    </Filter>
    <Filter Include="Header Files">
      <UniqueIdentifier>{93995380-89BD-4b04-88EB-625FBE52EBFB}</UniqueIdentifier>
      <Extensions>h;hh;hpp;hxx;hm;inl;inc;xsd</Extensions>
    </Filter>
    <Filter Include="Resource Files">
      <UniqueIdentifier>{67DA6AB6-F800-4c08-8B7A-83BB121AAD01}</UniqueIdentifier>
      <Extensions>rc;ico;cur;bmp;dlg;rc2;rct;bin;rgs;gif;jpg;jpeg;jpe;resx;tiff;tif;png;wav;mfcribbon-ms</Extensions>
    </Filter>
  </ItemGroup>
  <ItemGroup>
    <ClInclude Include="..\..\flex\src\flexdef.h">
      <Filter>Header Files</Filter>
    </ClInclude>
    <ClInclude Include="..\..\flex\src\flexint.h">
      <Filter>Header Files</Filter>
    </ClInclude>
    <ClInclude Include="..\..\flex\src\gettext.h">
      <Filter>Header Files</Filter>
    </ClInclude>
    <ClInclude Include="..\..\flex\src\options.h">
      <Filter>Header Files</Filter>
    </ClInclude>
    <ClInclude Include="..\..\flex\src\parse.h">
      <Filter>Header Files</Filter>
    </ClInclude>
    <ClInclude Include="..\..\flex\src\regex.h">
      <Filter>Header Files</Filter>
    </ClInclude>
    <ClInclude Include="..\..\flex\src\scanopt.h">
      <Filter>Header Files</Filter>
    </ClInclude>
    <ClInclude Include="..\..\flex\src\tables.h">
      <Filter>Header Files</Filter>
    </ClInclude>
    <ClInclude Include="..\..\flex\src\tables_shared.h">
      <Filter>Header Files</Filter>
    </ClInclude>
  </ItemGroup>
  <ItemGroup>
    <ClCompile Include="..\..\flex\src\buf.c">
      <Filter>Source Files</Filter>
    </ClCompile>
    <ClCompile Include="..\..\flex\src\ccl.c">
      <Filter>Source Files</Filter>
    </ClCompile>
    <ClCompile Include="..\..\flex\src\dfa.c">
      <Filter>Source Files</Filter>
    </ClCompile>
    <ClCompile Include="..\..\flex\src\ecs.c">
      <Filter>Source Files</Filter>
    </ClCompile>
    <ClCompile Include="..\..\flex\src\filter.c">
      <Filter>Source Files</Filter>
    </ClCompile>
    <ClCompile Include="..\..\flex\src\gen.c">
      <Filter>Source Files</Filter>
    </ClCompile>
    <ClCompile Include="..\..\flex\src\main.c">
      <Filter>Source Files</Filter>
    </ClCompile>
    <ClCompile Include="..\..\flex\src\misc.c">
      <Filter>Source Files</Filter>
    </ClCompile>
    <ClCompile Include="..\..\flex\src\nfa.c">
      <Filter>Source Files</Filter>
    </ClCompile>
    <ClCompile Include="..\..\flex\src\options.c">
      <Filter>Source Files</Filter>
    </ClCompile>
    <ClCompile Include="..\..\flex\src\parse.c">
      <Filter>Source Files</Filter>
    </ClCompile>
    <ClCompile Include="..\..\flex\src\regex.c">
      <Filter>Source Files</Filter>
    </ClCompile>
    <ClCompile Include="..\..\flex\src\scan.c">
      <Filter>Source Files</Filter>
    </ClCompile>
    <ClCompile Include="..\..\flex\src\scanflags.c">
      <Filter>Source Files</Filter>
    </ClCompile>
    <ClCompile Include="..\..\flex\src\scanopt.c">
      <Filter>Source Files</Filter>
    </ClCompile>
    <ClCompile Include="..\..\flex\src\skel.c">
      <Filter>Source Files</Filter>
    </ClCompile>
    <ClCompile Include="..\..\flex\src\sym.c">
      <Filter>Source Files</Filter>
    </ClCompile>
    <ClCompile Include="..\..\flex\src\tables.c">
      <Filter>Source Files</Filter>
    </ClCompile>
    <ClCompile Include="..\..\flex\src\tables_shared.c">
      <Filter>Source Files</Filter>
    </ClCompile>
    <ClCompile Include="..\..\flex\src\tblcmp.c">
      <Filter>Source Files</Filter>
    </ClCompile>
    <ClCompile Include="..\..\flex\src\yylex.c">
      <Filter>Source Files</Filter>
    </ClCompile>
  </ItemGroup>
</Project>