<?xml version="1.0" encoding="utf-8"?>
<Project ToolsVersion="17.0" xmlns="http://schemas.microsoft.com/developer/msbuild/2003">
  <ItemGroup>
    <ClCompile Include="D:\winflexbison\flex\src\libmain.c">
      <Filter>Source Files</Filter>
    </ClCompile>
    <ClCompile Include="D:\winflexbison\flex\src\libyywrap.c">
      <Filter>Source Files</Filter>
    </ClCompile>
  </ItemGroup>
  <ItemGroup>
    <CustomBuild Include="D:\winflexbison\flex\CMakeLists.txt" />
  </ItemGroup>
  <ItemGroup>
    <Filter Include="Source Files">
      <UniqueIdentifier>{9FC37CC4-790A-3787-8444-B60BBC7BBF58}</UniqueIdentifier>
    </Filter>
  </ItemGroup>
</Project>
