<?xml version="1.0" encoding="utf-8"?>
<Project ToolsVersion="17.0" xmlns="http://schemas.microsoft.com/developer/msbuild/2003">
  <ItemGroup>
    <ClCompile Include="D:\winflexbison\flex\src\buf.c">
      <Filter>Source Files</Filter>
    </ClCompile>
    <ClCompile Include="D:\winflexbison\flex\src\ccl.c">
      <Filter>Source Files</Filter>
    </ClCompile>
    <ClCompile Include="D:\winflexbison\flex\src\dfa.c">
      <Filter>Source Files</Filter>
    </ClCompile>
    <ClCompile Include="D:\winflexbison\flex\src\ecs.c">
      <Filter>Source Files</Filter>
    </ClCompile>
    <ClCompile Include="D:\winflexbison\flex\src\filter.c">
      <Filter>Source Files</Filter>
    </ClCompile>
    <ClCompile Include="D:\winflexbison\flex\src\gen.c">
      <Filter>Source Files</Filter>
    </ClCompile>
    <ClCompile Include="D:\winflexbison\flex\src\main.c">
      <Filter>Source Files</Filter>
    </ClCompile>
    <ClCompile Include="D:\winflexbison\flex\src\misc.c">
      <Filter>Source Files</Filter>
    </ClCompile>
    <ClCompile Include="D:\winflexbison\flex\src\nfa.c">
      <Filter>Source Files</Filter>
    </ClCompile>
    <ClCompile Include="D:\winflexbison\flex\src\options.c">
      <Filter>Source Files</Filter>
    </ClCompile>
    <ClCompile Include="D:\winflexbison\flex\src\parse.c">
      <Filter>Source Files</Filter>
    </ClCompile>
    <ClCompile Include="D:\winflexbison\flex\src\regex.c">
      <Filter>Source Files</Filter>
    </ClCompile>
    <ClCompile Include="D:\winflexbison\flex\src\scan.c">
      <Filter>Source Files</Filter>
    </ClCompile>
    <ClCompile Include="D:\winflexbison\flex\src\scanflags.c">
      <Filter>Source Files</Filter>
    </ClCompile>
    <ClCompile Include="D:\winflexbison\flex\src\scanopt.c">
      <Filter>Source Files</Filter>
    </ClCompile>
    <ClCompile Include="D:\winflexbison\flex\src\skel.c">
      <Filter>Source Files</Filter>
    </ClCompile>
    <ClCompile Include="D:\winflexbison\flex\src\sym.c">
      <Filter>Source Files</Filter>
    </ClCompile>
    <ClCompile Include="D:\winflexbison\flex\src\tables.c">
      <Filter>Source Files</Filter>
    </ClCompile>
    <ClCompile Include="D:\winflexbison\flex\src\tables_shared.c">
      <Filter>Source Files</Filter>
    </ClCompile>
    <ClCompile Include="D:\winflexbison\flex\src\tblcmp.c">
      <Filter>Source Files</Filter>
    </ClCompile>
    <ClCompile Include="D:\winflexbison\flex\src\yylex.c">
      <Filter>Source Files</Filter>
    </ClCompile>
  </ItemGroup>
  <ItemGroup>
    <ClInclude Include="D:\winflexbison\flex\src\FlexLexer.h">
      <Filter>Header Files</Filter>
    </ClInclude>
    <ClInclude Include="D:\winflexbison\flex\src\flexdef.h">
      <Filter>Header Files</Filter>
    </ClInclude>
    <ClInclude Include="D:\winflexbison\flex\src\flexint.h">
      <Filter>Header Files</Filter>
    </ClInclude>
    <ClInclude Include="D:\winflexbison\flex\src\gettext.h">
      <Filter>Header Files</Filter>
    </ClInclude>
    <ClInclude Include="D:\winflexbison\flex\src\options.h">
      <Filter>Header Files</Filter>
    </ClInclude>
    <ClInclude Include="D:\winflexbison\flex\src\parse.h">
      <Filter>Header Files</Filter>
    </ClInclude>
    <ClInclude Include="D:\winflexbison\flex\src\scanopt.h">
      <Filter>Header Files</Filter>
    </ClInclude>
    <ClInclude Include="D:\winflexbison\flex\src\tables.h">
      <Filter>Header Files</Filter>
    </ClInclude>
    <ClInclude Include="D:\winflexbison\flex\src\tables_shared.h">
      <Filter>Header Files</Filter>
    </ClInclude>
  </ItemGroup>
  <ItemGroup>
    <CustomBuild Include="D:\winflexbison\flex\CMakeLists.txt" />
  </ItemGroup>
  <ItemGroup>
    <Filter Include="Header Files">
      <UniqueIdentifier>{45072AC8-810B-32C8-ACA6-157EE3480F8B}</UniqueIdentifier>
    </Filter>
    <Filter Include="Source Files">
      <UniqueIdentifier>{9FC37CC4-790A-3787-8444-B60BBC7BBF58}</UniqueIdentifier>
    </Filter>
  </ItemGroup>
</Project>
