<?xml version="1.0" encoding="utf-8"?>
<Project ToolsVersion="4.0" xmlns="http://schemas.microsoft.com/developer/msbuild/2003">
  <ItemGroup>
    <Filter Include="src">
      <UniqueIdentifier>{adf9975e-7abe-4673-87a6-0759bfe6488e}</UniqueIdentifier>
    </Filter>
  </ItemGroup>
  <ItemGroup>
    <ClCompile Include="..\flex\src\buf.c">
      <Filter>src</Filter>
    </ClCompile>
    <ClCompile Include="..\flex\src\ccl.c">
      <Filter>src</Filter>
    </ClCompile>
    <ClCompile Include="..\flex\src\dfa.c">
      <Filter>src</Filter>
    </ClCompile>
    <ClCompile Include="..\flex\src\ecs.c">
      <Filter>src</Filter>
    </ClCompile>
    <ClCompile Include="..\flex\src\filter.c">
      <Filter>src</Filter>
    </ClCompile>
    <ClCompile Include="..\flex\src\gen.c">
      <Filter>src</Filter>
    </ClCompile>
    <ClCompile Include="..\flex\src\main.c">
      <Filter>src</Filter>
    </ClCompile>
    <ClCompile Include="..\flex\src\misc.c">
      <Filter>src</Filter>
    </ClCompile>
    <ClCompile Include="..\flex\src\nfa.c">
      <Filter>src</Filter>
    </ClCompile>
    <ClCompile Include="..\flex\src\options.c">
      <Filter>src</Filter>
    </ClCompile>
    <ClCompile Include="..\flex\src\parse.c">
      <Filter>src</Filter>
    </ClCompile>
    <ClCompile Include="..\flex\src\regex.c">
      <Filter>src</Filter>
    </ClCompile>
    <ClCompile Include="..\flex\src\scan.c">
      <Filter>src</Filter>
    </ClCompile>
    <ClCompile Include="..\flex\src\scanflags.c">
      <Filter>src</Filter>
    </ClCompile>
    <ClCompile Include="..\flex\src\scanopt.c">
      <Filter>src</Filter>
    </ClCompile>
    <ClCompile Include="..\flex\src\skel.c">
      <Filter>src</Filter>
    </ClCompile>
    <ClCompile Include="..\flex\src\sym.c">
      <Filter>src</Filter>
    </ClCompile>
    <ClCompile Include="..\flex\src\tables.c">
      <Filter>src</Filter>
    </ClCompile>
    <ClCompile Include="..\flex\src\tables_shared.c">
      <Filter>src</Filter>
    </ClCompile>
    <ClCompile Include="..\flex\src\tblcmp.c">
      <Filter>src</Filter>
    </ClCompile>
    <ClCompile Include="..\flex\src\yylex.c">
      <Filter>src</Filter>
    </ClCompile>
  </ItemGroup>
  <ItemGroup>
    <ClInclude Include="..\flex\src\flexdef.h">
      <Filter>src</Filter>
    </ClInclude>
    <ClInclude Include="..\flex\src\flexint.h">
      <Filter>src</Filter>
    </ClInclude>
    <ClInclude Include="..\flex\src\FlexLexer.h">
      <Filter>src</Filter>
    </ClInclude>
    <ClInclude Include="..\flex\src\gettext.h">
      <Filter>src</Filter>
    </ClInclude>
    <ClInclude Include="..\flex\src\options.h">
      <Filter>src</Filter>
    </ClInclude>
    <ClInclude Include="..\flex\src\parse.h">
      <Filter>src</Filter>
    </ClInclude>
    <ClInclude Include="..\flex\src\regex.h">
      <Filter>src</Filter>
    </ClInclude>
    <ClInclude Include="..\flex\src\scanopt.h">
      <Filter>src</Filter>
    </ClInclude>
    <ClInclude Include="..\flex\src\tables.h">
      <Filter>src</Filter>
    </ClInclude>
    <ClInclude Include="..\flex\src\tables_shared.h">
      <Filter>src</Filter>
    </ClInclude>
  </ItemGroup>
  <ItemGroup>
    <None Include="..\flex\src\parse.y">
      <Filter>src</Filter>
    </None>
    <None Include="..\flex\src\scan.l">
      <Filter>src</Filter>
    </None>
  </ItemGroup>
</Project>