<?xml version="1.0" encoding="utf-8"?>
<Project ToolsVersion="4.0" xmlns="http://schemas.microsoft.com/developer/msbuild/2003">
  <ItemGroup>
    <Filter Include="Source Files">
      <UniqueIdentifier>{4FC737F1-C7A5-4376-A066-2A32D752A2FF}</UniqueIdentifier>
      <Extensions>cpp;c;cc;cxx;def;odl;idl;hpj;bat;asm;asmx</Extensions>
    </Filter>
    <Filter Include="Header Files">
      <UniqueIdentifier>{93995380-89BD-4b04-88EB-625FBE52EBFB}</UniqueIdentifier>
      <Extensions>h;hh;hpp;hxx;hm;inl;inc;xsd</Extensions>
    </Filter>
    <Filter Include="Resource Files">
      <UniqueIdentifier>{67DA6AB6-F800-4c08-8B7A-83BB121AAD01}</UniqueIdentifier>
      <Extensions>rc;ico;cur;bmp;dlg;rc2;rct;bin;rgs;gif;jpg;jpeg;jpe;resx;tiff;tif;png;wav;mfcribbon-ms</Extensions>
    </Filter>
  </ItemGroup>
  <ItemGroup>
    <ClCompile Include="..\..\bison\src\AnnotationList.c">
      <Filter>Source Files</Filter>
    </ClCompile>
    <ClCompile Include="..\..\bison\src\assoc.c">
      <Filter>Source Files</Filter>
    </ClCompile>
    <ClCompile Include="..\..\bison\src\closure.c">
      <Filter>Source Files</Filter>
    </ClCompile>
    <ClCompile Include="..\..\bison\src\complain.c">
      <Filter>Source Files</Filter>
    </ClCompile>
    <ClCompile Include="..\..\bison\src\conflicts.c">
      <Filter>Source Files</Filter>
    </ClCompile>
    <ClCompile Include="..\..\bison\src\derives.c">
      <Filter>Source Files</Filter>
    </ClCompile>
    <ClCompile Include="..\..\bison\src\files.c">
      <Filter>Source Files</Filter>
    </ClCompile>
    <ClCompile Include="..\..\bison\src\getargs.c">
      <Filter>Source Files</Filter>
    </ClCompile>
    <ClCompile Include="..\..\bison\src\gram.c">
      <Filter>Source Files</Filter>
    </ClCompile>
    <ClCompile Include="..\..\bison\src\graphviz.c">
      <Filter>Source Files</Filter>
    </ClCompile>
    <ClCompile Include="..\..\bison\src\ielr.c">
      <Filter>Source Files</Filter>
    </ClCompile>
    <ClCompile Include="..\..\bison\src\InadequacyList.c">
      <Filter>Source Files</Filter>
    </ClCompile>
    <ClCompile Include="..\..\bison\src\lalr.c">
      <Filter>Source Files</Filter>
    </ClCompile>
    <ClCompile Include="..\..\bison\src\location.c">
      <Filter>Source Files</Filter>
    </ClCompile>
    <ClCompile Include="..\..\bison\src\LR0.c">
      <Filter>Source Files</Filter>
    </ClCompile>
    <ClCompile Include="..\..\bison\src\main.c">
      <Filter>Source Files</Filter>
    </ClCompile>
    <ClCompile Include="..\..\bison\src\muscle-tab.c">
      <Filter>Source Files</Filter>
    </ClCompile>
    <ClCompile Include="..\..\bison\src\named-ref.c">
      <Filter>Source Files</Filter>
    </ClCompile>
    <ClCompile Include="..\..\bison\src\nullable.c">
      <Filter>Source Files</Filter>
    </ClCompile>
    <ClCompile Include="..\..\bison\src\output.c">
      <Filter>Source Files</Filter>
    </ClCompile>
    <ClCompile Include="..\..\bison\src\parse-gram.c">
      <Filter>Source Files</Filter>
    </ClCompile>
    <ClCompile Include="..\..\bison\src\print.c">
      <Filter>Source Files</Filter>
    </ClCompile>
    <ClCompile Include="..\..\bison\src\print_graph.c">
      <Filter>Source Files</Filter>
    </ClCompile>
    <ClCompile Include="..\..\bison\src\print-xml.c">
      <Filter>Source Files</Filter>
    </ClCompile>
    <ClCompile Include="..\..\bison\src\reader.c">
      <Filter>Source Files</Filter>
    </ClCompile>
    <ClCompile Include="..\..\bison\src\reduce.c">
      <Filter>Source Files</Filter>
    </ClCompile>
    <ClCompile Include="..\..\bison\src\relation.c">
      <Filter>Source Files</Filter>
    </ClCompile>
    <ClCompile Include="..\..\bison\src\Sbitset.c">
      <Filter>Source Files</Filter>
    </ClCompile>
    <ClCompile Include="..\..\bison\src\scan-code.c">
      <Filter>Source Files</Filter>
    </ClCompile>
    <ClCompile Include="..\..\bison\src\scan-gram.c">
      <Filter>Source Files</Filter>
    </ClCompile>
    <ClCompile Include="..\..\bison\src\scan-skel.c">
      <Filter>Source Files</Filter>
    </ClCompile>
    <ClCompile Include="..\..\bison\src\state.c">
      <Filter>Source Files</Filter>
    </ClCompile>
    <ClCompile Include="..\..\bison\src\symlist.c">
      <Filter>Source Files</Filter>
    </ClCompile>
    <ClCompile Include="..\..\bison\src\symtab.c">
      <Filter>Source Files</Filter>
    </ClCompile>
    <ClCompile Include="..\..\bison\src\tables.c">
      <Filter>Source Files</Filter>
    </ClCompile>
    <ClCompile Include="..\..\bison\src\uniqstr.c">
      <Filter>Source Files</Filter>
    </ClCompile>
  </ItemGroup>
  <ItemGroup>
    <ClInclude Include="..\..\bison\src\AnnotationList.h">
      <Filter>Header Files</Filter>
    </ClInclude>
    <ClInclude Include="..\..\bison\src\assoc.h">
      <Filter>Header Files</Filter>
    </ClInclude>
    <ClInclude Include="..\..\bison\src\closure.h">
      <Filter>Header Files</Filter>
    </ClInclude>
    <ClInclude Include="..\..\bison\src\complain.h">
      <Filter>Header Files</Filter>
    </ClInclude>
    <ClInclude Include="..\..\bison\src\config.h">
      <Filter>Header Files</Filter>
    </ClInclude>
    <ClInclude Include="..\..\bison\src\conflicts.h">
      <Filter>Header Files</Filter>
    </ClInclude>
    <ClInclude Include="..\..\bison\src\derives.h">
      <Filter>Header Files</Filter>
    </ClInclude>
    <ClInclude Include="..\..\bison\src\files.h">
      <Filter>Header Files</Filter>
    </ClInclude>
    <ClInclude Include="..\..\bison\src\flex-scanner.h">
      <Filter>Header Files</Filter>
    </ClInclude>
    <ClInclude Include="..\..\bison\src\getargs.h">
      <Filter>Header Files</Filter>
    </ClInclude>
    <ClInclude Include="..\..\bison\src\gram.h">
      <Filter>Header Files</Filter>
    </ClInclude>
    <ClInclude Include="..\..\bison\src\graphviz.h">
      <Filter>Header Files</Filter>
    </ClInclude>
    <ClInclude Include="..\..\bison\src\ielr.h">
      <Filter>Header Files</Filter>
    </ClInclude>
    <ClInclude Include="..\..\bison\src\InadequacyList.h">
      <Filter>Header Files</Filter>
    </ClInclude>
    <ClInclude Include="..\..\bison\src\lalr.h">
      <Filter>Header Files</Filter>
    </ClInclude>
    <ClInclude Include="..\..\bison\src\location.h">
      <Filter>Header Files</Filter>
    </ClInclude>
    <ClInclude Include="..\..\bison\src\LR0.h">
      <Filter>Header Files</Filter>
    </ClInclude>
    <ClInclude Include="..\..\bison\src\muscle-tab.h">
      <Filter>Header Files</Filter>
    </ClInclude>
    <ClInclude Include="..\..\bison\src\named-ref.h">
      <Filter>Header Files</Filter>
    </ClInclude>
    <ClInclude Include="..\..\bison\src\nullable.h">
      <Filter>Header Files</Filter>
    </ClInclude>
    <ClInclude Include="..\..\bison\src\output.h">
      <Filter>Header Files</Filter>
    </ClInclude>
    <ClInclude Include="..\..\bison\src\parse-gram.h">
      <Filter>Header Files</Filter>
    </ClInclude>
    <ClInclude Include="..\..\bison\src\print.h">
      <Filter>Header Files</Filter>
    </ClInclude>
    <ClInclude Include="..\..\bison\src\print_graph.h">
      <Filter>Header Files</Filter>
    </ClInclude>
    <ClInclude Include="..\..\bison\src\print-xml.h">
      <Filter>Header Files</Filter>
    </ClInclude>
    <ClInclude Include="..\..\bison\src\reader.h">
      <Filter>Header Files</Filter>
    </ClInclude>
    <ClInclude Include="..\..\bison\src\reduce.h">
      <Filter>Header Files</Filter>
    </ClInclude>
    <ClInclude Include="..\..\bison\src\relation.h">
      <Filter>Header Files</Filter>
    </ClInclude>
    <ClInclude Include="..\..\bison\src\Sbitset.h">
      <Filter>Header Files</Filter>
    </ClInclude>
    <ClInclude Include="..\..\bison\src\scan-code.h">
      <Filter>Header Files</Filter>
    </ClInclude>
    <ClInclude Include="..\..\bison\src\scan-gram.h">
      <Filter>Header Files</Filter>
    </ClInclude>
    <ClInclude Include="..\..\bison\src\scan-skel.h">
      <Filter>Header Files</Filter>
    </ClInclude>
    <ClInclude Include="..\..\bison\src\state.h">
      <Filter>Header Files</Filter>
    </ClInclude>
    <ClInclude Include="..\..\bison\src\symlist.h">
      <Filter>Header Files</Filter>
    </ClInclude>
    <ClInclude Include="..\..\bison\src\symtab.h">
      <Filter>Header Files</Filter>
    </ClInclude>
    <ClInclude Include="..\..\bison\src\system.h">
      <Filter>Header Files</Filter>
    </ClInclude>
    <ClInclude Include="..\..\bison\src\tables.h">
      <Filter>Header Files</Filter>
    </ClInclude>
    <ClInclude Include="..\..\bison\src\uniqstr.h">
      <Filter>Header Files</Filter>
    </ClInclude>
  </ItemGroup>
</Project>